// !$*UTF8*$!
{
	archiveVersion = 1;
	classes = {
	};
	objectVersion = 56;
	objects = {

/* Begin PBXBuildFile section */
		F509F6B72B54D7EA006FD9D5 /* StartView.swift in Sources */ = {isa = PBXBuildFile; fileRef = F509F6B62B54D7EA006FD9D5 /* StartView.swift */; };
		F509F6B92B54D802006FD9D5 /* GameView.swift in Sources */ = {isa = PBXBuildFile; fileRef = F509F6B82B54D802006FD9D5 /* GameView.swift */; };
		F509F6BB2B54D809006FD9D5 /* EndView.swift in Sources */ = {isa = PBXBuildFile; fileRef = F509F6BA2B54D809006FD9D5 /* EndView.swift */; };
		F509F6BD2B54D810006FD9D5 /* SettingsView.swift in Sources */ = {isa = PBXBuildFile; fileRef = F509F6BC2B54D810006FD9D5 /* SettingsView.swift */; };
		F509F6BF2B54D8F2006FD9D5 /* SettingsManager.swift in Sources */ = {isa = PBXBuildFile; fileRef = F509F6BE2B54D8F2006FD9D5 /* SettingsManager.swift */; };
		F509F6C12B54D9C0006FD9D5 /* URLSessionConfiguration.swift in Sources */ = {isa = PBXBuildFile; fileRef = F509F6C02B54D9C0006FD9D5 /* URLSessionConfiguration.swift */; };
		F509F6C52B54D9F4006FD9D5 /* LoginView.swift in Sources */ = {isa = PBXBuildFile; fileRef = F509F6C42B54D9F4006FD9D5 /* LoginView.swift */; };
		F509F6C72B54DAF2006FD9D5 /* ScoutingController.swift in Sources */ = {isa = PBXBuildFile; fileRef = F509F6C62B54DAF2006FD9D5 /* ScoutingController.swift */; };
		F509F6C92B54E554006FD9D5 /* PressModifier.swift in Sources */ = {isa = PBXBuildFile; fileRef = F509F6C82B54E554006FD9D5 /* PressModifier.swift */; };
		F5345F1F2D52F81000BEC893 /* PitScouting.swift in Sources */ = {isa = PBXBuildFile; fileRef = F5345F1E2D52F81000BEC893 /* PitScouting.swift */; };
		F5345F212D52F8AA00BEC893 /* PitScoutingController.swift in Sources */ = {isa = PBXBuildFile; fileRef = F5345F202D52F8AA00BEC893 /* PitScoutingController.swift */; };
		F56584092B54D52900F587C0 /* beartracks_scoutApp.swift in Sources */ = {isa = PBXBuildFile; fileRef = F56584082B54D52900F587C0 /* beartracks_scoutApp.swift */; };
		F565840D2B54D52A00F587C0 /* Assets.xcassets in Resources */ = {isa = PBXBuildFile; fileRef = F565840C2B54D52A00F587C0 /* Assets.xcassets */; };
		F56584102B54D52A00F587C0 /* Preview Assets.xcassets in Resources */ = {isa = PBXBuildFile; fileRef = F565840F2B54D52A00F587C0 /* Preview Assets.xcassets */; };
		F56BC8172D7112CC00C4D332 /* NotificationDelegate.swift in Sources */ = {isa = PBXBuildFile; fileRef = F56BC8162D7112C800C4D332 /* NotificationDelegate.swift */; };
		F5AD47CC2B54FF0500345122 /* ReviewView.swift in Sources */ = {isa = PBXBuildFile; fileRef = F5AD47CB2B54FF0500345122 /* ReviewView.swift */; };
		F5BCB50B2D4C2E91008698A6 /* RegionalPoints.swift in Sources */ = {isa = PBXBuildFile; fileRef = F5BCB50A2D4C2E91008698A6 /* RegionalPoints.swift */; };
/* End PBXBuildFile section */

/* Begin PBXFileReference section */
		F509F6B62B54D7EA006FD9D5 /* StartView.swift */ = {isa = PBXFileReference; lastKnownFileType = sourcecode.swift; path = StartView.swift; sourceTree = "<group>"; };
		F509F6B82B54D802006FD9D5 /* GameView.swift */ = {isa = PBXFileReference; lastKnownFileType = sourcecode.swift; path = GameView.swift; sourceTree = "<group>"; };
		F509F6BA2B54D809006FD9D5 /* EndView.swift */ = {isa = PBXFileReference; lastKnownFileType = sourcecode.swift; path = EndView.swift; sourceTree = "<group>"; };
		F509F6BC2B54D810006FD9D5 /* SettingsView.swift */ = {isa = PBXFileReference; lastKnownFileType = sourcecode.swift; path = SettingsView.swift; sourceTree = "<group>"; };
		F509F6BE2B54D8F2006FD9D5 /* SettingsManager.swift */ = {isa = PBXFileReference; lastKnownFileType = sourcecode.swift; path = SettingsManager.swift; sourceTree = "<group>"; };
		F509F6C02B54D9C0006FD9D5 /* URLSessionConfiguration.swift */ = {isa = PBXFileReference; lastKnownFileType = sourcecode.swift; path = URLSessionConfiguration.swift; sourceTree = "<group>"; };
		F509F6C42B54D9F4006FD9D5 /* LoginView.swift */ = {isa = PBXFileReference; lastKnownFileType = sourcecode.swift; path = LoginView.swift; sourceTree = "<group>"; };
		F509F6C62B54DAF2006FD9D5 /* ScoutingController.swift */ = {isa = PBXFileReference; indentWidth = 4; lastKnownFileType = sourcecode.swift; path = ScoutingController.swift; sourceTree = "<group>"; tabWidth = 4; };
		F509F6C82B54E554006FD9D5 /* PressModifier.swift */ = {isa = PBXFileReference; lastKnownFileType = sourcecode.swift; path = PressModifier.swift; sourceTree = "<group>"; };
		F5345F1E2D52F81000BEC893 /* PitScouting.swift */ = {isa = PBXFileReference; lastKnownFileType = sourcecode.swift; path = PitScouting.swift; sourceTree = "<group>"; };
		F5345F202D52F8AA00BEC893 /* PitScoutingController.swift */ = {isa = PBXFileReference; lastKnownFileType = sourcecode.swift; path = PitScoutingController.swift; sourceTree = "<group>"; };
		F5345F222D5311FD00BEC893 /* Info.plist */ = {isa = PBXFileReference; lastKnownFileType = text.plist; path = Info.plist; sourceTree = "<group>"; };
		F56584052B54D52900F587C0 /* beartracks-scout.app */ = {isa = PBXFileReference; explicitFileType = wrapper.application; includeInIndex = 0; path = "beartracks-scout.app"; sourceTree = BUILT_PRODUCTS_DIR; };
		F56584082B54D52900F587C0 /* beartracks_scoutApp.swift */ = {isa = PBXFileReference; lastKnownFileType = sourcecode.swift; path = beartracks_scoutApp.swift; sourceTree = "<group>"; };
		F565840C2B54D52A00F587C0 /* Assets.xcassets */ = {isa = PBXFileReference; lastKnownFileType = folder.assetcatalog; path = Assets.xcassets; sourceTree = "<group>"; };
		F565840F2B54D52A00F587C0 /* Preview Assets.xcassets */ = {isa = PBXFileReference; lastKnownFileType = folder.assetcatalog; path = "Preview Assets.xcassets"; sourceTree = "<group>"; };
		F56BC8162D7112C800C4D332 /* NotificationDelegate.swift */ = {isa = PBXFileReference; lastKnownFileType = sourcecode.swift; path = NotificationDelegate.swift; sourceTree = "<group>"; };
		F58565C32B7572B400C1606E /* beartracks-scout.entitlements */ = {isa = PBXFileReference; lastKnownFileType = text.plist.entitlements; path = "beartracks-scout.entitlements"; sourceTree = "<group>"; };
		F5AD47CB2B54FF0500345122 /* ReviewView.swift */ = {isa = PBXFileReference; lastKnownFileType = sourcecode.swift; path = ReviewView.swift; sourceTree = "<group>"; };
		F5B57DEE2BA2989E00C9D95F /* PrivacyInfo.xcprivacy */ = {isa = PBXFileReference; lastKnownFileType = text.xml; path = PrivacyInfo.xcprivacy; sourceTree = "<group>"; };
		F5BCB50A2D4C2E91008698A6 /* RegionalPoints.swift */ = {isa = PBXFileReference; lastKnownFileType = sourcecode.swift; path = RegionalPoints.swift; sourceTree = "<group>"; };
/* End PBXFileReference section */

/* Begin PBXFrameworksBuildPhase section */
		F56584022B54D52900F587C0 /* Frameworks */ = {
			isa = PBXFrameworksBuildPhase;
			buildActionMask = 2147483647;
			files = (
			);
			runOnlyForDeploymentPostprocessing = 0;
		};
/* End PBXFrameworksBuildPhase section */

/* Begin PBXGroup section */
		F56583FC2B54D52900F587C0 = {
			isa = PBXGroup;
			children = (
				F56584072B54D52900F587C0 /* beartracks-scout */,
				F56584062B54D52900F587C0 /* Products */,
			);
			sourceTree = "<group>";
		};
		F56584062B54D52900F587C0 /* Products */ = {
			isa = PBXGroup;
			children = (
				F56584052B54D52900F587C0 /* beartracks-scout.app */,
			);
			name = Products;
			sourceTree = "<group>";
		};
		F56584072B54D52900F587C0 /* beartracks-scout */ = {
			isa = PBXGroup;
			children = (
				F5345F222D5311FD00BEC893 /* Info.plist */,
				F58565C32B7572B400C1606E /* beartracks-scout.entitlements */,
				F56584082B54D52900F587C0 /* beartracks_scoutApp.swift */,
				F56BC8162D7112C800C4D332 /* NotificationDelegate.swift */,
				F509F6B62B54D7EA006FD9D5 /* StartView.swift */,
				F509F6B82B54D802006FD9D5 /* GameView.swift */,
				F509F6BA2B54D809006FD9D5 /* EndView.swift */,
				F5AD47CB2B54FF0500345122 /* ReviewView.swift */,
				F509F6C42B54D9F4006FD9D5 /* LoginView.swift */,
				F509F6C82B54E554006FD9D5 /* PressModifier.swift */,
				F509F6C62B54DAF2006FD9D5 /* ScoutingController.swift */,
				F509F6BE2B54D8F2006FD9D5 /* SettingsManager.swift */,
				F509F6BC2B54D810006FD9D5 /* SettingsView.swift */,
				F5345F1E2D52F81000BEC893 /* PitScouting.swift */,
				F5345F202D52F8AA00BEC893 /* PitScoutingController.swift */,
				F509F6C02B54D9C0006FD9D5 /* URLSessionConfiguration.swift */,
				F5BCB50A2D4C2E91008698A6 /* RegionalPoints.swift */,
				F565840C2B54D52A00F587C0 /* Assets.xcassets */,
				F565840E2B54D52A00F587C0 /* Preview Content */,
				F5B57DEE2BA2989E00C9D95F /* PrivacyInfo.xcprivacy */,
			);
			path = "beartracks-scout";
			sourceTree = "<group>";
		};
		F565840E2B54D52A00F587C0 /* Preview Content */ = {
			isa = PBXGroup;
			children = (
				F565840F2B54D52A00F587C0 /* Preview Assets.xcassets */,
			);
			path = "Preview Content";
			sourceTree = "<group>";
		};
/* End PBXGroup section */

/* Begin PBXNativeTarget section */
		F56584042B54D52900F587C0 /* beartracks-scout */ = {
			isa = PBXNativeTarget;
			buildConfigurationList = F56584132B54D52A00F587C0 /* Build configuration list for PBXNativeTarget "beartracks-scout" */;
			buildPhases = (
				F56584012B54D52900F587C0 /* Sources */,
				F56584022B54D52900F587C0 /* Frameworks */,
				F56584032B54D52900F587C0 /* Resources */,
			);
			buildRules = (
			);
			dependencies = (
			);
			name = "beartracks-scout";
			productName = "beartracks-scout";
			productReference = F56584052B54D52900F587C0 /* beartracks-scout.app */;
			productType = "com.apple.product-type.application";
		};
/* End PBXNativeTarget section */

/* Begin PBXProject section */
		F56583FD2B54D52900F587C0 /* Project object */ = {
			isa = PBXProject;
			attributes = {
				BuildIndependentTargetsInParallel = 1;
				LastSwiftUpdateCheck = 1520;
				LastUpgradeCheck = 1610;
				TargetAttributes = {
					F56584042B54D52900F587C0 = {
						CreatedOnToolsVersion = 15.2;
					};
				};
			};
			buildConfigurationList = F56584002B54D52900F587C0 /* Build configuration list for PBXProject "beartracks-scout" */;
			compatibilityVersion = "Xcode 14.0";
			developmentRegion = en;
			hasScannedForEncodings = 0;
			knownRegions = (
				en,
				Base,
				"es-419",
			);
			mainGroup = F56583FC2B54D52900F587C0;
			productRefGroup = F56584062B54D52900F587C0 /* Products */;
			projectDirPath = "";
			projectRoot = "";
			targets = (
				F56584042B54D52900F587C0 /* beartracks-scout */,
			);
		};
/* End PBXProject section */

/* Begin PBXResourcesBuildPhase section */
		F56584032B54D52900F587C0 /* Resources */ = {
			isa = PBXResourcesBuildPhase;
			buildActionMask = 2147483647;
			files = (
				F56584102B54D52A00F587C0 /* Preview Assets.xcassets in Resources */,
				F565840D2B54D52A00F587C0 /* Assets.xcassets in Resources */,
			);
			runOnlyForDeploymentPostprocessing = 0;
		};
/* End PBXResourcesBuildPhase section */

/* Begin PBXSourcesBuildPhase section */
		F56584012B54D52900F587C0 /* Sources */ = {
			isa = PBXSourcesBuildPhase;
			buildActionMask = 2147483647;
			files = (
				F509F6BD2B54D810006FD9D5 /* SettingsView.swift in Sources */,
				F5345F1F2D52F81000BEC893 /* PitScouting.swift in Sources */,
				F509F6C12B54D9C0006FD9D5 /* URLSessionConfiguration.swift in Sources */,
				F5345F212D52F8AA00BEC893 /* PitScoutingController.swift in Sources */,
				F509F6BB2B54D809006FD9D5 /* EndView.swift in Sources */,
				F509F6C92B54E554006FD9D5 /* PressModifier.swift in Sources */,
				F5AD47CC2B54FF0500345122 /* ReviewView.swift in Sources */,
				F509F6BF2B54D8F2006FD9D5 /* SettingsManager.swift in Sources */,
				F5BCB50B2D4C2E91008698A6 /* RegionalPoints.swift in Sources */,
				F509F6C72B54DAF2006FD9D5 /* ScoutingController.swift in Sources */,
				F56BC8172D7112CC00C4D332 /* NotificationDelegate.swift in Sources */,
				F56584092B54D52900F587C0 /* beartracks_scoutApp.swift in Sources */,
				F509F6C52B54D9F4006FD9D5 /* LoginView.swift in Sources */,
				F509F6B72B54D7EA006FD9D5 /* StartView.swift in Sources */,
				F509F6B92B54D802006FD9D5 /* GameView.swift in Sources */,
			);
			runOnlyForDeploymentPostprocessing = 0;
		};
/* End PBXSourcesBuildPhase section */

/* Begin XCBuildConfiguration section */
		F56584112B54D52A00F587C0 /* Debug */ = {
			isa = XCBuildConfiguration;
			buildSettings = {
				ALWAYS_SEARCH_USER_PATHS = NO;
				ASSETCATALOG_COMPILER_GENERATE_SWIFT_ASSET_SYMBOL_EXTENSIONS = YES;
				CLANG_ANALYZER_LOCALIZABILITY_NONLOCALIZED = YES;
				CLANG_ANALYZER_NONNULL = YES;
				CLANG_ANALYZER_NUMBER_OBJECT_CONVERSION = YES_AGGRESSIVE;
				CLANG_CXX_LANGUAGE_STANDARD = "gnu++20";
				CLANG_ENABLE_MODULES = YES;
				CLANG_ENABLE_OBJC_ARC = YES;
				CLANG_ENABLE_OBJC_WEAK = YES;
				CLANG_WARN_BLOCK_CAPTURE_AUTORELEASING = YES;
				CLANG_WARN_BOOL_CONVERSION = YES;
				CLANG_WARN_COMMA = YES;
				CLANG_WARN_CONSTANT_CONVERSION = YES;
				CLANG_WARN_DEPRECATED_OBJC_IMPLEMENTATIONS = YES;
				CLANG_WARN_DIRECT_OBJC_ISA_USAGE = YES_ERROR;
				CLANG_WARN_DOCUMENTATION_COMMENTS = YES;
				CLANG_WARN_EMPTY_BODY = YES;
				CLANG_WARN_ENUM_CONVERSION = YES;
				CLANG_WARN_INFINITE_RECURSION = YES;
				CLANG_WARN_INT_CONVERSION = YES;
				CLANG_WARN_NON_LITERAL_NULL_CONVERSION = YES;
				CLANG_WARN_OBJC_IMPLICIT_RETAIN_SELF = YES;
				CLANG_WARN_OBJC_LITERAL_CONVERSION = YES;
				CLANG_WARN_OBJC_ROOT_CLASS = YES_ERROR;
				CLANG_WARN_QUOTED_INCLUDE_IN_FRAMEWORK_HEADER = YES;
				CLANG_WARN_RANGE_LOOP_ANALYSIS = YES;
				CLANG_WARN_STRICT_PROTOTYPES = YES;
				CLANG_WARN_SUSPICIOUS_MOVE = YES;
				CLANG_WARN_UNGUARDED_AVAILABILITY = YES_AGGRESSIVE;
				CLANG_WARN_UNREACHABLE_CODE = YES;
				CLANG_WARN__DUPLICATE_METHOD_MATCH = YES;
				COPY_PHASE_STRIP = NO;
				DEBUG_INFORMATION_FORMAT = dwarf;
				ENABLE_STRICT_OBJC_MSGSEND = YES;
				ENABLE_TESTABILITY = YES;
				ENABLE_USER_SCRIPT_SANDBOXING = YES;
				GCC_C_LANGUAGE_STANDARD = gnu17;
				GCC_DYNAMIC_NO_PIC = NO;
				GCC_NO_COMMON_BLOCKS = YES;
				GCC_OPTIMIZATION_LEVEL = 0;
				GCC_PREPROCESSOR_DEFINITIONS = (
					"DEBUG=1",
					"$(inherited)",
				);
				GCC_WARN_64_TO_32_BIT_CONVERSION = YES;
				GCC_WARN_ABOUT_RETURN_TYPE = YES_ERROR;
				GCC_WARN_UNDECLARED_SELECTOR = YES;
				GCC_WARN_UNINITIALIZED_AUTOS = YES_AGGRESSIVE;
				GCC_WARN_UNUSED_FUNCTION = YES;
				GCC_WARN_UNUSED_VARIABLE = YES;
				IPHONEOS_DEPLOYMENT_TARGET = 17.2;
				LOCALIZATION_PREFERS_STRING_CATALOGS = YES;
				MTL_ENABLE_DEBUG_INFO = INCLUDE_SOURCE;
				MTL_FAST_MATH = YES;
				ONLY_ACTIVE_ARCH = YES;
				SDKROOT = iphoneos;
				SWIFT_ACTIVE_COMPILATION_CONDITIONS = "DEBUG $(inherited)";
				SWIFT_OPTIMIZATION_LEVEL = "-Onone";
			};
			name = Debug;
		};
		F56584122B54D52A00F587C0 /* Release */ = {
			isa = XCBuildConfiguration;
			buildSettings = {
				ALWAYS_SEARCH_USER_PATHS = NO;
				ASSETCATALOG_COMPILER_GENERATE_SWIFT_ASSET_SYMBOL_EXTENSIONS = YES;
				CLANG_ANALYZER_LOCALIZABILITY_NONLOCALIZED = YES;
				CLANG_ANALYZER_NONNULL = YES;
				CLANG_ANALYZER_NUMBER_OBJECT_CONVERSION = YES_AGGRESSIVE;
				CLANG_CXX_LANGUAGE_STANDARD = "gnu++20";
				CLANG_ENABLE_MODULES = YES;
				CLANG_ENABLE_OBJC_ARC = YES;
				CLANG_ENABLE_OBJC_WEAK = YES;
				CLANG_WARN_BLOCK_CAPTURE_AUTORELEASING = YES;
				CLANG_WARN_BOOL_CONVERSION = YES;
				CLANG_WARN_COMMA = YES;
				CLANG_WARN_CONSTANT_CONVERSION = YES;
				CLANG_WARN_DEPRECATED_OBJC_IMPLEMENTATIONS = YES;
				CLANG_WARN_DIRECT_OBJC_ISA_USAGE = YES_ERROR;
				CLANG_WARN_DOCUMENTATION_COMMENTS = YES;
				CLANG_WARN_EMPTY_BODY = YES;
				CLANG_WARN_ENUM_CONVERSION = YES;
				CLANG_WARN_INFINITE_RECURSION = YES;
				CLANG_WARN_INT_CONVERSION = YES;
				CLANG_WARN_NON_LITERAL_NULL_CONVERSION = YES;
				CLANG_WARN_OBJC_IMPLICIT_RETAIN_SELF = YES;
				CLANG_WARN_OBJC_LITERAL_CONVERSION = YES;
				CLANG_WARN_OBJC_ROOT_CLASS = YES_ERROR;
				CLANG_WARN_QUOTED_INCLUDE_IN_FRAMEWORK_HEADER = YES;
				CLANG_WARN_RANGE_LOOP_ANALYSIS = YES;
				CLANG_WARN_STRICT_PROTOTYPES = YES;
				CLANG_WARN_SUSPICIOUS_MOVE = YES;
				CLANG_WARN_UNGUARDED_AVAILABILITY = YES_AGGRESSIVE;
				CLANG_WARN_UNREACHABLE_CODE = YES;
				CLANG_WARN__DUPLICATE_METHOD_MATCH = YES;
				COPY_PHASE_STRIP = NO;
				DEBUG_INFORMATION_FORMAT = "dwarf-with-dsym";
				ENABLE_NS_ASSERTIONS = NO;
				ENABLE_STRICT_OBJC_MSGSEND = YES;
				ENABLE_USER_SCRIPT_SANDBOXING = YES;
				GCC_C_LANGUAGE_STANDARD = gnu17;
				GCC_NO_COMMON_BLOCKS = YES;
				GCC_WARN_64_TO_32_BIT_CONVERSION = YES;
				GCC_WARN_ABOUT_RETURN_TYPE = YES_ERROR;
				GCC_WARN_UNDECLARED_SELECTOR = YES;
				GCC_WARN_UNINITIALIZED_AUTOS = YES_AGGRESSIVE;
				GCC_WARN_UNUSED_FUNCTION = YES;
				GCC_WARN_UNUSED_VARIABLE = YES;
				IPHONEOS_DEPLOYMENT_TARGET = 17.2;
				LOCALIZATION_PREFERS_STRING_CATALOGS = YES;
				MTL_ENABLE_DEBUG_INFO = NO;
				MTL_FAST_MATH = YES;
				SDKROOT = iphoneos;
				SWIFT_COMPILATION_MODE = wholemodule;
				VALIDATE_PRODUCT = YES;
			};
			name = Release;
		};
		F56584142B54D52A00F587C0 /* Debug */ = {
			isa = XCBuildConfiguration;
			buildSettings = {
				ASSETCATALOG_COMPILER_APPICON_NAME = AppIcon;
				ASSETCATALOG_COMPILER_GLOBAL_ACCENT_COLOR_NAME = AccentColor;
				CODE_SIGN_ENTITLEMENTS = "beartracks-scout/beartracks-scout.entitlements";
				CODE_SIGN_IDENTITY = "Apple Development";
				CODE_SIGN_STYLE = Automatic;
				CURRENT_PROJECT_VERSION = 126;
				DEVELOPMENT_ASSET_PATHS = "\"beartracks-scout/Preview Content\"";
				DEVELOPMENT_TEAM = D6MFYYVHA8;
				ENABLE_PREVIEWS = YES;
				GENERATE_INFOPLIST_FILE = YES;
				INFOPLIST_FILE = "beartracks-scout/Info.plist";
				INFOPLIST_KEY_CFBundleDisplayName = Scout;
				INFOPLIST_KEY_LSApplicationCategoryType = "public.app-category.productivity";
				INFOPLIST_KEY_NSCameraUsageDescription = "Allow camera access to submit photos.";
				INFOPLIST_KEY_UIApplicationSceneManifest_Generation = YES;
				INFOPLIST_KEY_UIApplicationSupportsIndirectInputEvents = YES;
				INFOPLIST_KEY_UILaunchScreen_Generation = YES;
				INFOPLIST_KEY_UIRequiresFullScreen = YES;
				INFOPLIST_KEY_UISupportedInterfaceOrientations = UIInterfaceOrientationPortrait;
				INFOPLIST_KEY_UISupportedInterfaceOrientations_iPad = "UIInterfaceOrientationPortrait UIInterfaceOrientationPortraitUpsideDown";
				IPHONEOS_DEPLOYMENT_TARGET = 15.0;
				LD_RUNPATH_SEARCH_PATHS = (
					"$(inherited)",
					"@executable_path/Frameworks",
				);
				MARKETING_VERSION = 6.1.2;
				PRODUCT_BUNDLE_IDENTIFIER = "com.jayagra.beartracks-scout";
				PRODUCT_NAME = "$(TARGET_NAME)";
				PROVISIONING_PROFILE_SPECIFIER = "";
				SWIFT_EMIT_LOC_STRINGS = YES;
				SWIFT_VERSION = 5.0;
				TARGETED_DEVICE_FAMILY = "1,2";
			};
			name = Debug;
		};
		F56584152B54D52A00F587C0 /* Release */ = {
			isa = XCBuildConfiguration;
			buildSettings = {
				ASSETCATALOG_COMPILER_APPICON_NAME = AppIcon;
				ASSETCATALOG_COMPILER_GLOBAL_ACCENT_COLOR_NAME = AccentColor;
				CODE_SIGN_ENTITLEMENTS = "beartracks-scout/beartracks-scout.entitlements";
				CODE_SIGN_STYLE = Automatic;
				CURRENT_PROJECT_VERSION = 126;
				DEVELOPMENT_ASSET_PATHS = "\"beartracks-scout/Preview Content\"";
				DEVELOPMENT_TEAM = D6MFYYVHA8;
				ENABLE_PREVIEWS = YES;
				GENERATE_INFOPLIST_FILE = YES;
				INFOPLIST_FILE = "beartracks-scout/Info.plist";
				INFOPLIST_KEY_CFBundleDisplayName = Scout;
				INFOPLIST_KEY_LSApplicationCategoryType = "public.app-category.productivity";
				INFOPLIST_KEY_NSCameraUsageDescription = "Allow camera access to submit photos.";
				INFOPLIST_KEY_UIApplicationSceneManifest_Generation = YES;
				INFOPLIST_KEY_UIApplicationSupportsIndirectInputEvents = YES;
				INFOPLIST_KEY_UILaunchScreen_Generation = YES;
				INFOPLIST_KEY_UIRequiresFullScreen = YES;
				INFOPLIST_KEY_UISupportedInterfaceOrientations = UIInterfaceOrientationPortrait;
				INFOPLIST_KEY_UISupportedInterfaceOrientations_iPad = "UIInterfaceOrientationPortrait UIInterfaceOrientationPortraitUpsideDown";
				IPHONEOS_DEPLOYMENT_TARGET = 15.0;
				LD_RUNPATH_SEARCH_PATHS = (
					"$(inherited)",
					"@executable_path/Frameworks",
				);
				MARKETING_VERSION = 6.1.2;
				PRODUCT_BUNDLE_IDENTIFIER = "com.jayagra.beartracks-scout";
				PRODUCT_NAME = "$(TARGET_NAME)";
				SWIFT_EMIT_LOC_STRINGS = YES;
				SWIFT_VERSION = 5.0;
				TARGETED_DEVICE_FAMILY = "1,2";
			};
			name = Release;
		};
/* End XCBuildConfiguration section */

/* Begin XCConfigurationList section */
		F56584002B54D52900F587C0 /* Build configuration list for PBXProject "beartracks-scout" */ = {
			isa = XCConfigurationList;
			buildConfigurations = (
				F56584112B54D52A00F587C0 /* Debug */,
				F56584122B54D52A00F587C0 /* Release */,
			);
			defaultConfigurationIsVisible = 0;
			defaultConfigurationName = Release;
		};
		F56584132B54D52A00F587C0 /* Build configuration list for PBXNativeTarget "beartracks-scout" */ = {
			isa = XCConfigurationList;
			buildConfigurations = (
				F56584142B54D52A00F587C0 /* Debug */,
				F56584152B54D52A00F587C0 /* Release */,
			);
			defaultConfigurationIsVisible = 0;
			defaultConfigurationName = Release;
		};
/* End XCConfigurationList section */
	};
	rootObject = F56583FD2B54D52900F587C0 /* Project object */;
}
