// !$*UTF8*$!
{
	archiveVersion = 1;
	classes = {
	};
	objectVersion = 56;
	objects = {

/* Begin PBXBuildFile section */
		F5081BA22B741D15001497DB /* AppState.swift in Sources */ = {isa = PBXBuildFile; fileRef = F5081BA12B741D15001497DB /* AppState.swift */; };
		F540A13D2B549D2500611384 /* TeamView.swift in Sources */ = {isa = PBXBuildFile; fileRef = F540A13C2B549D2500611384 /* TeamView.swift */; };
		F540A13F2B549D2E00611384 /* TeamViewModel.swift in Sources */ = {isa = PBXBuildFile; fileRef = F540A13E2B549D2E00611384 /* TeamViewModel.swift */; };
		F542E34C2B9C028F002F6E05 /* MatchDetailView.swift in Sources */ = {isa = PBXBuildFile; fileRef = F542E34B2B9C028F002F6E05 /* MatchDetailView.swift */; };
		F54E76C22B527D96003C65A2 /* bearTracksApp.swift in Sources */ = {isa = PBXBuildFile; fileRef = F54E76C12B527D96003C65A2 /* bearTracksApp.swift */; };
		F54E76C62B527D97003C65A2 /* Assets.xcassets in Resources */ = {isa = PBXBuildFile; fileRef = F54E76C52B527D97003C65A2 /* Assets.xcassets */; };
		F54E76C92B527D97003C65A2 /* Preview Assets.xcassets in Resources */ = {isa = PBXBuildFile; fileRef = F54E76C82B527D97003C65A2 /* Preview Assets.xcassets */; };
		F59F8F7B2B7D292700D35A56 /* TeamViewStats.swift in Sources */ = {isa = PBXBuildFile; fileRef = F59F8F7A2B7D292700D35A56 /* TeamViewStats.swift */; };
		F59F8F7D2B7D2AD600D35A56 /* TeamStatController.swift in Sources */ = {isa = PBXBuildFile; fileRef = F59F8F7C2B7D2AD600D35A56 /* TeamStatController.swift */; };
		F5AE2E462B527E050033DB0D /* MatchList.swift in Sources */ = {isa = PBXBuildFile; fileRef = F5AE2E3F2B527E050033DB0D /* MatchList.swift */; };
		F5AE2E472B527E050033DB0D /* DetailedView.swift in Sources */ = {isa = PBXBuildFile; fileRef = F5AE2E402B527E050033DB0D /* DetailedView.swift */; };
		F5AE2E4B2B527E050033DB0D /* DataViewModel.swift in Sources */ = {isa = PBXBuildFile; fileRef = F5AE2E442B527E050033DB0D /* DataViewModel.swift */; };
		F5AE2E4C2B527E050033DB0D /* DataView.swift in Sources */ = {isa = PBXBuildFile; fileRef = F5AE2E452B527E050033DB0D /* DataView.swift */; };
		F5AE2E532B527E170033DB0D /* Teams.swift in Sources */ = {isa = PBXBuildFile; fileRef = F5AE2E4D2B527E170033DB0D /* Teams.swift */; };
		F5AE2E542B527E170033DB0D /* SettingsManager.swift in Sources */ = {isa = PBXBuildFile; fileRef = F5AE2E4E2B527E170033DB0D /* SettingsManager.swift */; };
		F5AE2E582B527E170033DB0D /* SettingsView.swift in Sources */ = {isa = PBXBuildFile; fileRef = F5AE2E522B527E170033DB0D /* SettingsView.swift */; };
		F5AE2E5A2B5288FB0033DB0D /* URLSessionConfiguration.swift in Sources */ = {isa = PBXBuildFile; fileRef = F5AE2E592B5288FB0033DB0D /* URLSessionConfiguration.swift */; };
		F5AE2E5C2B52FD430033DB0D /* LoginStateValidator.swift in Sources */ = {isa = PBXBuildFile; fileRef = F5AE2E5B2B52FD430033DB0D /* LoginStateValidator.swift */; };
		F5AE2E5E2B52FF3F0033DB0D /* LoginView.swift in Sources */ = {isa = PBXBuildFile; fileRef = F5AE2E5D2B52FF3F0033DB0D /* LoginView.swift */; };
		F5B8D1AF2B9670F200D3F230 /* beartracks_watchApp.swift in Sources */ = {isa = PBXBuildFile; fileRef = F5B8D1AE2B9670F200D3F230 /* beartracks_watchApp.swift */; };
		F5B8D1B32B9670F200D3F230 /* Assets.xcassets in Resources */ = {isa = PBXBuildFile; fileRef = F5B8D1B22B9670F200D3F230 /* Assets.xcassets */; };
		F5B8D1B62B9670F200D3F230 /* Preview Assets.xcassets in Resources */ = {isa = PBXBuildFile; fileRef = F5B8D1B52B9670F200D3F230 /* Preview Assets.xcassets */; };
		F5B8D1B92B9670F200D3F230 /* beartracks-watch Watch App.app in Embed Watch Content */ = {isa = PBXBuildFile; fileRef = F5B8D1AC2B9670F200D3F230 /* beartracks-watch Watch App.app */; platformFilter = ios; settings = {ATTRIBUTES = (RemoveHeadersOnCopy, ); }; };
		F5B8D1BD2B96710900D3F230 /* URLSessionConfiguration.swift in Sources */ = {isa = PBXBuildFile; fileRef = F5AE2E592B5288FB0033DB0D /* URLSessionConfiguration.swift */; };
		F5B8D1BE2B96715500D3F230 /* AppState.swift in Sources */ = {isa = PBXBuildFile; fileRef = F5081BA12B741D15001497DB /* AppState.swift */; };
		F5B8D1BF2B96716D00D3F230 /* SettingsManager.swift in Sources */ = {isa = PBXBuildFile; fileRef = F5AE2E4E2B527E170033DB0D /* SettingsManager.swift */; };
		F5B8D1C02B96719F00D3F230 /* Teams.swift in Sources */ = {isa = PBXBuildFile; fileRef = F5AE2E4D2B527E170033DB0D /* Teams.swift */; };
		F5B8D1C12B96720900D3F230 /* LoginStateValidator.swift in Sources */ = {isa = PBXBuildFile; fileRef = F5AE2E5B2B52FD430033DB0D /* LoginStateValidator.swift */; };
		F5B8D1C22B96727400D3F230 /* TeamView.swift in Sources */ = {isa = PBXBuildFile; fileRef = F540A13C2B549D2500611384 /* TeamView.swift */; };
		F5B8D1C32B96727A00D3F230 /* DetailedView.swift in Sources */ = {isa = PBXBuildFile; fileRef = F5AE2E402B527E050033DB0D /* DetailedView.swift */; };
		F5B8D1C42B96728500D3F230 /* TeamViewModel.swift in Sources */ = {isa = PBXBuildFile; fileRef = F540A13E2B549D2E00611384 /* TeamViewModel.swift */; };
		F5B8D1C62B96729200D3F230 /* TeamStatController.swift in Sources */ = {isa = PBXBuildFile; fileRef = F59F8F7C2B7D2AD600D35A56 /* TeamStatController.swift */; };
		F5B8D1C72B9672A200D3F230 /* DataViewModel.swift in Sources */ = {isa = PBXBuildFile; fileRef = F5AE2E442B527E050033DB0D /* DataViewModel.swift */; };
		F5B8D1C92B96779400D3F230 /* LoginView.swift in Sources */ = {isa = PBXBuildFile; fileRef = F5AE2E5D2B52FF3F0033DB0D /* LoginView.swift */; };
		F5BDD40A2B96CD570099C7A7 /* SettingsView.swift in Sources */ = {isa = PBXBuildFile; fileRef = F5AE2E522B527E170033DB0D /* SettingsView.swift */; };
/* End PBXBuildFile section */

/* Begin PBXContainerItemProxy section */
		F5B8D1B72B9670F200D3F230 /* PBXContainerItemProxy */ = {
			isa = PBXContainerItemProxy;
			containerPortal = F54E76B62B527D96003C65A2 /* Project object */;
			proxyType = 1;
			remoteGlobalIDString = F5B8D1AB2B9670F200D3F230;
			remoteInfo = "beartracks-watch Watch App";
		};
/* End PBXContainerItemProxy section */

/* Begin PBXCopyFilesBuildPhase section */
		F5B95B632B58B04400AB888C /* Embed Foundation Extensions */ = {
			isa = PBXCopyFilesBuildPhase;
			buildActionMask = 2147483647;
			dstPath = "";
			dstSubfolderSpec = 13;
			files = (
			);
			name = "Embed Foundation Extensions";
			runOnlyForDeploymentPostprocessing = 0;
		};
		F5C164DB2B534279007CE1A8 /* Embed Watch Content */ = {
			isa = PBXCopyFilesBuildPhase;
			buildActionMask = 2147483647;
			dstPath = "$(CONTENTS_FOLDER_PATH)/Watch";
			dstSubfolderSpec = 16;
			files = (
				F5B8D1B92B9670F200D3F230 /* beartracks-watch Watch App.app in Embed Watch Content */,
			);
			name = "Embed Watch Content";
			runOnlyForDeploymentPostprocessing = 0;
		};
/* End PBXCopyFilesBuildPhase section */

/* Begin PBXFileReference section */
		F5081BA12B741D15001497DB /* AppState.swift */ = {isa = PBXFileReference; lastKnownFileType = sourcecode.swift; path = AppState.swift; sourceTree = "<group>"; };
		F540A13C2B549D2500611384 /* TeamView.swift */ = {isa = PBXFileReference; lastKnownFileType = sourcecode.swift; path = TeamView.swift; sourceTree = "<group>"; };
		F540A13E2B549D2E00611384 /* TeamViewModel.swift */ = {isa = PBXFileReference; lastKnownFileType = sourcecode.swift; path = TeamViewModel.swift; sourceTree = "<group>"; };
		F542E34B2B9C028F002F6E05 /* MatchDetailView.swift */ = {isa = PBXFileReference; lastKnownFileType = sourcecode.swift; path = MatchDetailView.swift; sourceTree = "<group>"; };
		F54E76BE2B527D96003C65A2 /* bearTracks.app */ = {isa = PBXFileReference; explicitFileType = wrapper.application; includeInIndex = 0; path = bearTracks.app; sourceTree = BUILT_PRODUCTS_DIR; };
		F54E76C12B527D96003C65A2 /* bearTracksApp.swift */ = {isa = PBXFileReference; lastKnownFileType = sourcecode.swift; path = bearTracksApp.swift; sourceTree = "<group>"; };
		F54E76C52B527D97003C65A2 /* Assets.xcassets */ = {isa = PBXFileReference; lastKnownFileType = folder.assetcatalog; path = Assets.xcassets; sourceTree = "<group>"; };
		F54E76C82B527D97003C65A2 /* Preview Assets.xcassets */ = {isa = PBXFileReference; lastKnownFileType = folder.assetcatalog; path = "Preview Assets.xcassets"; sourceTree = "<group>"; };
		F59F8F7A2B7D292700D35A56 /* TeamViewStats.swift */ = {isa = PBXFileReference; lastKnownFileType = sourcecode.swift; name = TeamViewStats.swift; path = ../../TeamViewStats.swift; sourceTree = "<group>"; };
		F59F8F7C2B7D2AD600D35A56 /* TeamStatController.swift */ = {isa = PBXFileReference; lastKnownFileType = sourcecode.swift; path = TeamStatController.swift; sourceTree = "<group>"; };
		F5AE2E3F2B527E050033DB0D /* MatchList.swift */ = {isa = PBXFileReference; fileEncoding = 4; lastKnownFileType = sourcecode.swift; name = MatchList.swift; path = bearTracks/MatchList.swift; sourceTree = SOURCE_ROOT; };
		F5AE2E402B527E050033DB0D /* DetailedView.swift */ = {isa = PBXFileReference; fileEncoding = 4; lastKnownFileType = sourcecode.swift; name = DetailedView.swift; path = bearTracks/DetailedView.swift; sourceTree = SOURCE_ROOT; };
		F5AE2E442B527E050033DB0D /* DataViewModel.swift */ = {isa = PBXFileReference; fileEncoding = 4; lastKnownFileType = sourcecode.swift; name = DataViewModel.swift; path = bearTracks/DataViewModel.swift; sourceTree = SOURCE_ROOT; };
		F5AE2E452B527E050033DB0D /* DataView.swift */ = {isa = PBXFileReference; fileEncoding = 4; lastKnownFileType = sourcecode.swift; name = DataView.swift; path = bearTracks/DataView.swift; sourceTree = SOURCE_ROOT; };
		F5AE2E4D2B527E170033DB0D /* Teams.swift */ = {isa = PBXFileReference; fileEncoding = 4; lastKnownFileType = sourcecode.swift; path = Teams.swift; sourceTree = "<group>"; };
		F5AE2E4E2B527E170033DB0D /* SettingsManager.swift */ = {isa = PBXFileReference; fileEncoding = 4; lastKnownFileType = sourcecode.swift; path = SettingsManager.swift; sourceTree = "<group>"; };
		F5AE2E522B527E170033DB0D /* SettingsView.swift */ = {isa = PBXFileReference; fileEncoding = 4; lastKnownFileType = sourcecode.swift; path = SettingsView.swift; sourceTree = "<group>"; };
		F5AE2E592B5288FB0033DB0D /* URLSessionConfiguration.swift */ = {isa = PBXFileReference; lastKnownFileType = sourcecode.swift; path = URLSessionConfiguration.swift; sourceTree = "<group>"; };
		F5AE2E5B2B52FD430033DB0D /* LoginStateValidator.swift */ = {isa = PBXFileReference; lastKnownFileType = sourcecode.swift; path = LoginStateValidator.swift; sourceTree = "<group>"; };
		F5AE2E5D2B52FF3F0033DB0D /* LoginView.swift */ = {isa = PBXFileReference; lastKnownFileType = sourcecode.swift; path = LoginView.swift; sourceTree = "<group>"; };
		F5B8D1AC2B9670F200D3F230 /* beartracks-watch Watch App.app */ = {isa = PBXFileReference; explicitFileType = wrapper.application; includeInIndex = 0; path = "beartracks-watch Watch App.app"; sourceTree = BUILT_PRODUCTS_DIR; };
		F5B8D1AE2B9670F200D3F230 /* beartracks_watchApp.swift */ = {isa = PBXFileReference; lastKnownFileType = sourcecode.swift; path = beartracks_watchApp.swift; sourceTree = "<group>"; };
		F5B8D1B22B9670F200D3F230 /* Assets.xcassets */ = {isa = PBXFileReference; lastKnownFileType = folder.assetcatalog; path = Assets.xcassets; sourceTree = "<group>"; };
		F5B8D1B52B9670F200D3F230 /* Preview Assets.xcassets */ = {isa = PBXFileReference; lastKnownFileType = folder.assetcatalog; path = "Preview Assets.xcassets"; sourceTree = "<group>"; };
		F5B8D1C82B96762D00D3F230 /* beartracks-watch Watch App.entitlements */ = {isa = PBXFileReference; lastKnownFileType = text.plist.entitlements; path = "beartracks-watch Watch App.entitlements"; sourceTree = "<group>"; };
		F5BDD4092B96B78D0099C7A7 /* beartracks-watch-Watch-App-Info.plist */ = {isa = PBXFileReference; lastKnownFileType = text.plist; path = "beartracks-watch-Watch-App-Info.plist"; sourceTree = SOURCE_ROOT; };
		F5D3D3402B5A098D00A88A00 /* bearTracks.entitlements */ = {isa = PBXFileReference; lastKnownFileType = text.plist.entitlements; path = bearTracks.entitlements; sourceTree = "<group>"; };
		F5D3D3452B5A17AE00A88A00 /* Info.plist */ = {isa = PBXFileReference; lastKnownFileType = text.plist; path = Info.plist; sourceTree = "<group>"; };
/* End PBXFileReference section */

/* Begin PBXFrameworksBuildPhase section */
		F54E76BB2B527D96003C65A2 /* Frameworks */ = {
			isa = PBXFrameworksBuildPhase;
			buildActionMask = 2147483647;
			files = (
			);
			runOnlyForDeploymentPostprocessing = 0;
		};
		F5B8D1A92B9670F200D3F230 /* Frameworks */ = {
			isa = PBXFrameworksBuildPhase;
			buildActionMask = 2147483647;
			files = (
			);
			runOnlyForDeploymentPostprocessing = 0;
		};
/* End PBXFrameworksBuildPhase section */

/* Begin PBXGroup section */
		F54E76B52B527D96003C65A2 = {
			isa = PBXGroup;
			children = (
				F54E76C02B527D96003C65A2 /* bearTracks */,
				F5B8D1AD2B9670F200D3F230 /* beartracks-watch Watch App */,
				F54E76BF2B527D96003C65A2 /* Products */,
			);
			sourceTree = "<group>";
		};
		F54E76BF2B527D96003C65A2 /* Products */ = {
			isa = PBXGroup;
			children = (
				F54E76BE2B527D96003C65A2 /* bearTracks.app */,
				F5B8D1AC2B9670F200D3F230 /* beartracks-watch Watch App.app */,
			);
			name = Products;
			sourceTree = "<group>";
		};
		F54E76C02B527D96003C65A2 /* bearTracks */ = {
			isa = PBXGroup;
			children = (
				F5D3D3402B5A098D00A88A00 /* bearTracks.entitlements */,
				F5D3D3452B5A17AE00A88A00 /* Info.plist */,
				F5081BA12B741D15001497DB /* AppState.swift */,
				F54E76C12B527D96003C65A2 /* bearTracksApp.swift */,
				F5AE2E452B527E050033DB0D /* DataView.swift */,
				F5AE2E442B527E050033DB0D /* DataViewModel.swift */,
				F5AE2E402B527E050033DB0D /* DetailedView.swift */,
				F5AE2E5B2B52FD430033DB0D /* LoginStateValidator.swift */,
				F5AE2E5D2B52FF3F0033DB0D /* LoginView.swift */,
				F542E34B2B9C028F002F6E05 /* MatchDetailView.swift */,
				F5AE2E3F2B527E050033DB0D /* MatchList.swift */,
				F5AE2E4E2B527E170033DB0D /* SettingsManager.swift */,
				F5AE2E522B527E170033DB0D /* SettingsView.swift */,
				F5AE2E4D2B527E170033DB0D /* Teams.swift */,
				F59F8F7C2B7D2AD600D35A56 /* TeamStatController.swift */,
				F540A13C2B549D2500611384 /* TeamView.swift */,
				F540A13E2B549D2E00611384 /* TeamViewModel.swift */,
				F59F8F7A2B7D292700D35A56 /* TeamViewStats.swift */,
				F5AE2E592B5288FB0033DB0D /* URLSessionConfiguration.swift */,
				F54E76C52B527D97003C65A2 /* Assets.xcassets */,
				F54E76C72B527D97003C65A2 /* Preview Content */,
			);
			path = bearTracks;
			sourceTree = "<group>";
		};
		F54E76C72B527D97003C65A2 /* Preview Content */ = {
			isa = PBXGroup;
			children = (
				F54E76C82B527D97003C65A2 /* Preview Assets.xcassets */,
			);
			path = "Preview Content";
			sourceTree = "<group>";
		};
		F5B8D1AD2B9670F200D3F230 /* beartracks-watch Watch App */ = {
			isa = PBXGroup;
			children = (
				F5BDD4092B96B78D0099C7A7 /* beartracks-watch-Watch-App-Info.plist */,
				F5B8D1C82B96762D00D3F230 /* beartracks-watch Watch App.entitlements */,
				F5B8D1AE2B9670F200D3F230 /* beartracks_watchApp.swift */,
				F5B8D1B22B9670F200D3F230 /* Assets.xcassets */,
				F5B8D1B42B9670F200D3F230 /* Preview Content */,
			);
			path = "beartracks-watch Watch App";
			sourceTree = "<group>";
		};
		F5B8D1B42B9670F200D3F230 /* Preview Content */ = {
			isa = PBXGroup;
			children = (
				F5B8D1B52B9670F200D3F230 /* Preview Assets.xcassets */,
			);
			path = "Preview Content";
			sourceTree = "<group>";
		};
/* End PBXGroup section */

/* Begin PBXNativeTarget section */
		F54E76BD2B527D96003C65A2 /* bearTracks */ = {
			isa = PBXNativeTarget;
			buildConfigurationList = F54E76CC2B527D97003C65A2 /* Build configuration list for PBXNativeTarget "bearTracks" */;
			buildPhases = (
				F54E76BA2B527D96003C65A2 /* Sources */,
				F54E76BB2B527D96003C65A2 /* Frameworks */,
				F54E76BC2B527D96003C65A2 /* Resources */,
				F5C164DB2B534279007CE1A8 /* Embed Watch Content */,
				F5B95B632B58B04400AB888C /* Embed Foundation Extensions */,
			);
			buildRules = (
			);
			dependencies = (
				F5B8D1B82B9670F200D3F230 /* PBXTargetDependency */,
			);
			name = bearTracks;
			productName = bearTracks;
			productReference = F54E76BE2B527D96003C65A2 /* bearTracks.app */;
			productType = "com.apple.product-type.application";
		};
		F5B8D1AB2B9670F200D3F230 /* beartracks-watch Watch App */ = {
			isa = PBXNativeTarget;
			buildConfigurationList = F5B8D1BC2B9670F200D3F230 /* Build configuration list for PBXNativeTarget "beartracks-watch Watch App" */;
			buildPhases = (
				F5B8D1A82B9670F200D3F230 /* Sources */,
				F5B8D1A92B9670F200D3F230 /* Frameworks */,
				F5B8D1AA2B9670F200D3F230 /* Resources */,
			);
			buildRules = (
			);
			dependencies = (
			);
			name = "beartracks-watch Watch App";
			productName = "beartracks-watch Watch App";
			productReference = F5B8D1AC2B9670F200D3F230 /* beartracks-watch Watch App.app */;
			productType = "com.apple.product-type.application";
		};
/* End PBXNativeTarget section */

/* Begin PBXProject section */
		F54E76B62B527D96003C65A2 /* Project object */ = {
			isa = PBXProject;
			attributes = {
				BuildIndependentTargetsInParallel = 1;
				LastSwiftUpdateCheck = 1520;
				LastUpgradeCheck = 1520;
				TargetAttributes = {
					F54E76BD2B527D96003C65A2 = {
						CreatedOnToolsVersion = 15.2;
					};
					F5B8D1AB2B9670F200D3F230 = {
						CreatedOnToolsVersion = 15.2;
					};
				};
			};
			buildConfigurationList = F54E76B92B527D96003C65A2 /* Build configuration list for PBXProject "bearTracks" */;
			compatibilityVersion = "Xcode 14.0";
			developmentRegion = en;
			hasScannedForEncodings = 0;
			knownRegions = (
				en,
				Base,
			);
			mainGroup = F54E76B52B527D96003C65A2;
			productRefGroup = F54E76BF2B527D96003C65A2 /* Products */;
			projectDirPath = "";
			projectRoot = "";
			targets = (
				F54E76BD2B527D96003C65A2 /* bearTracks */,
				F5B8D1AB2B9670F200D3F230 /* beartracks-watch Watch App */,
			);
		};
/* End PBXProject section */

/* Begin PBXResourcesBuildPhase section */
		F54E76BC2B527D96003C65A2 /* Resources */ = {
			isa = PBXResourcesBuildPhase;
			buildActionMask = 2147483647;
			files = (
				F54E76C92B527D97003C65A2 /* Preview Assets.xcassets in Resources */,
				F54E76C62B527D97003C65A2 /* Assets.xcassets in Resources */,
			);
			runOnlyForDeploymentPostprocessing = 0;
		};
		F5B8D1AA2B9670F200D3F230 /* Resources */ = {
			isa = PBXResourcesBuildPhase;
			buildActionMask = 2147483647;
			files = (
				F5B8D1B62B9670F200D3F230 /* Preview Assets.xcassets in Resources */,
				F5B8D1B32B9670F200D3F230 /* Assets.xcassets in Resources */,
			);
			runOnlyForDeploymentPostprocessing = 0;
		};
/* End PBXResourcesBuildPhase section */

/* Begin PBXSourcesBuildPhase section */
		F54E76BA2B527D96003C65A2 /* Sources */ = {
			isa = PBXSourcesBuildPhase;
			buildActionMask = 2147483647;
			files = (
				F5AE2E532B527E170033DB0D /* Teams.swift in Sources */,
				F59F8F7B2B7D292700D35A56 /* TeamViewStats.swift in Sources */,
				F5AE2E5A2B5288FB0033DB0D /* URLSessionConfiguration.swift in Sources */,
				F54E76C22B527D96003C65A2 /* bearTracksApp.swift in Sources */,
				F5AE2E5E2B52FF3F0033DB0D /* LoginView.swift in Sources */,
				F5AE2E472B527E050033DB0D /* DetailedView.swift in Sources */,
				F540A13F2B549D2E00611384 /* TeamViewModel.swift in Sources */,
				F5AE2E582B527E170033DB0D /* SettingsView.swift in Sources */,
				F5AE2E542B527E170033DB0D /* SettingsManager.swift in Sources */,
				F5AE2E5C2B52FD430033DB0D /* LoginStateValidator.swift in Sources */,
				F59F8F7D2B7D2AD600D35A56 /* TeamStatController.swift in Sources */,
				F5AE2E4B2B527E050033DB0D /* DataViewModel.swift in Sources */,
				F5081BA22B741D15001497DB /* AppState.swift in Sources */,
				F540A13D2B549D2500611384 /* TeamView.swift in Sources */,
				F5AE2E4C2B527E050033DB0D /* DataView.swift in Sources */,
				F542E34C2B9C028F002F6E05 /* MatchDetailView.swift in Sources */,
				F5AE2E462B527E050033DB0D /* MatchList.swift in Sources */,
			);
			runOnlyForDeploymentPostprocessing = 0;
		};
		F5B8D1A82B9670F200D3F230 /* Sources */ = {
			isa = PBXSourcesBuildPhase;
			buildActionMask = 2147483647;
			files = (
				F5B8D1C02B96719F00D3F230 /* Teams.swift in Sources */,
				F5B8D1C32B96727A00D3F230 /* DetailedView.swift in Sources */,
				F5B8D1C62B96729200D3F230 /* TeamStatController.swift in Sources */,
				F5B8D1C12B96720900D3F230 /* LoginStateValidator.swift in Sources */,
				F5B8D1C22B96727400D3F230 /* TeamView.swift in Sources */,
				F5B8D1C42B96728500D3F230 /* TeamViewModel.swift in Sources */,
				F5B8D1BF2B96716D00D3F230 /* SettingsManager.swift in Sources */,
				F5B8D1BD2B96710900D3F230 /* URLSessionConfiguration.swift in Sources */,
				F5B8D1AF2B9670F200D3F230 /* beartracks_watchApp.swift in Sources */,
				F5B8D1C92B96779400D3F230 /* LoginView.swift in Sources */,
				F5B8D1BE2B96715500D3F230 /* AppState.swift in Sources */,
				F5B8D1C72B9672A200D3F230 /* DataViewModel.swift in Sources */,
				F5BDD40A2B96CD570099C7A7 /* SettingsView.swift in Sources */,
			);
			runOnlyForDeploymentPostprocessing = 0;
		};
/* End PBXSourcesBuildPhase section */

/* Begin PBXTargetDependency section */
		F5B8D1B82B9670F200D3F230 /* PBXTargetDependency */ = {
			isa = PBXTargetDependency;
			platformFilter = ios;
			target = F5B8D1AB2B9670F200D3F230 /* beartracks-watch Watch App */;
			targetProxy = F5B8D1B72B9670F200D3F230 /* PBXContainerItemProxy */;
		};
/* End PBXTargetDependency section */

/* Begin XCBuildConfiguration section */
		F54E76CA2B527D97003C65A2 /* Debug */ = {
			isa = XCBuildConfiguration;
			buildSettings = {
				ALWAYS_SEARCH_USER_PATHS = NO;
				ASSETCATALOG_COMPILER_GENERATE_SWIFT_ASSET_SYMBOL_EXTENSIONS = YES;
				CLANG_ANALYZER_NONNULL = YES;
				CLANG_ANALYZER_NUMBER_OBJECT_CONVERSION = YES_AGGRESSIVE;
				CLANG_CXX_LANGUAGE_STANDARD = "gnu++20";
				CLANG_ENABLE_MODULES = YES;
				CLANG_ENABLE_OBJC_ARC = YES;
				CLANG_ENABLE_OBJC_WEAK = YES;
				CLANG_WARN_BLOCK_CAPTURE_AUTORELEASING = YES;
				CLANG_WARN_BOOL_CONVERSION = YES;
				CLANG_WARN_COMMA = YES;
				CLANG_WARN_CONSTANT_CONVERSION = YES;
				CLANG_WARN_DEPRECATED_OBJC_IMPLEMENTATIONS = YES;
				CLANG_WARN_DIRECT_OBJC_ISA_USAGE = YES_ERROR;
				CLANG_WARN_DOCUMENTATION_COMMENTS = YES;
				CLANG_WARN_EMPTY_BODY = YES;
				CLANG_WARN_ENUM_CONVERSION = YES;
				CLANG_WARN_INFINITE_RECURSION = YES;
				CLANG_WARN_INT_CONVERSION = YES;
				CLANG_WARN_NON_LITERAL_NULL_CONVERSION = YES;
				CLANG_WARN_OBJC_IMPLICIT_RETAIN_SELF = YES;
				CLANG_WARN_OBJC_LITERAL_CONVERSION = YES;
				CLANG_WARN_OBJC_ROOT_CLASS = YES_ERROR;
				CLANG_WARN_QUOTED_INCLUDE_IN_FRAMEWORK_HEADER = YES;
				CLANG_WARN_RANGE_LOOP_ANALYSIS = YES;
				CLANG_WARN_STRICT_PROTOTYPES = YES;
				CLANG_WARN_SUSPICIOUS_MOVE = YES;
				CLANG_WARN_UNGUARDED_AVAILABILITY = YES_AGGRESSIVE;
				CLANG_WARN_UNREACHABLE_CODE = YES;
				CLANG_WARN__DUPLICATE_METHOD_MATCH = YES;
				COPY_PHASE_STRIP = NO;
				DEBUG_INFORMATION_FORMAT = dwarf;
				ENABLE_STRICT_OBJC_MSGSEND = YES;
				ENABLE_TESTABILITY = YES;
				ENABLE_USER_SCRIPT_SANDBOXING = YES;
				GCC_C_LANGUAGE_STANDARD = gnu17;
				GCC_DYNAMIC_NO_PIC = NO;
				GCC_NO_COMMON_BLOCKS = YES;
				GCC_OPTIMIZATION_LEVEL = 0;
				GCC_PREPROCESSOR_DEFINITIONS = (
					"DEBUG=1",
					"$(inherited)",
				);
				GCC_WARN_64_TO_32_BIT_CONVERSION = YES;
				GCC_WARN_ABOUT_RETURN_TYPE = YES_ERROR;
				GCC_WARN_UNDECLARED_SELECTOR = YES;
				GCC_WARN_UNINITIALIZED_AUTOS = YES_AGGRESSIVE;
				GCC_WARN_UNUSED_FUNCTION = YES;
				GCC_WARN_UNUSED_VARIABLE = YES;
				IPHONEOS_DEPLOYMENT_TARGET = 16.0;
				LOCALIZATION_PREFERS_STRING_CATALOGS = YES;
				MTL_ENABLE_DEBUG_INFO = INCLUDE_SOURCE;
				MTL_FAST_MATH = YES;
				ONLY_ACTIVE_ARCH = YES;
				SDKROOT = iphoneos;
				SWIFT_ACTIVE_COMPILATION_CONDITIONS = "DEBUG $(inherited)";
				SWIFT_OPTIMIZATION_LEVEL = "-Onone";
			};
			name = Debug;
		};
		F54E76CB2B527D97003C65A2 /* Release */ = {
			isa = XCBuildConfiguration;
			buildSettings = {
				ALWAYS_SEARCH_USER_PATHS = NO;
				ASSETCATALOG_COMPILER_GENERATE_SWIFT_ASSET_SYMBOL_EXTENSIONS = YES;
				CLANG_ANALYZER_NONNULL = YES;
				CLANG_ANALYZER_NUMBER_OBJECT_CONVERSION = YES_AGGRESSIVE;
				CLANG_CXX_LANGUAGE_STANDARD = "gnu++20";
				CLANG_ENABLE_MODULES = YES;
				CLANG_ENABLE_OBJC_ARC = YES;
				CLANG_ENABLE_OBJC_WEAK = YES;
				CLANG_WARN_BLOCK_CAPTURE_AUTORELEASING = YES;
				CLANG_WARN_BOOL_CONVERSION = YES;
				CLANG_WARN_COMMA = YES;
				CLANG_WARN_CONSTANT_CONVERSION = YES;
				CLANG_WARN_DEPRECATED_OBJC_IMPLEMENTATIONS = YES;
				CLANG_WARN_DIRECT_OBJC_ISA_USAGE = YES_ERROR;
				CLANG_WARN_DOCUMENTATION_COMMENTS = YES;
				CLANG_WARN_EMPTY_BODY = YES;
				CLANG_WARN_ENUM_CONVERSION = YES;
				CLANG_WARN_INFINITE_RECURSION = YES;
				CLANG_WARN_INT_CONVERSION = YES;
				CLANG_WARN_NON_LITERAL_NULL_CONVERSION = YES;
				CLANG_WARN_OBJC_IMPLICIT_RETAIN_SELF = YES;
				CLANG_WARN_OBJC_LITERAL_CONVERSION = YES;
				CLANG_WARN_OBJC_ROOT_CLASS = YES_ERROR;
				CLANG_WARN_QUOTED_INCLUDE_IN_FRAMEWORK_HEADER = YES;
				CLANG_WARN_RANGE_LOOP_ANALYSIS = YES;
				CLANG_WARN_STRICT_PROTOTYPES = YES;
				CLANG_WARN_SUSPICIOUS_MOVE = YES;
				CLANG_WARN_UNGUARDED_AVAILABILITY = YES_AGGRESSIVE;
				CLANG_WARN_UNREACHABLE_CODE = YES;
				CLANG_WARN__DUPLICATE_METHOD_MATCH = YES;
				COPY_PHASE_STRIP = NO;
				DEBUG_INFORMATION_FORMAT = "dwarf-with-dsym";
				ENABLE_NS_ASSERTIONS = NO;
				ENABLE_STRICT_OBJC_MSGSEND = YES;
				ENABLE_USER_SCRIPT_SANDBOXING = YES;
				GCC_C_LANGUAGE_STANDARD = gnu17;
				GCC_NO_COMMON_BLOCKS = YES;
				GCC_WARN_64_TO_32_BIT_CONVERSION = YES;
				GCC_WARN_ABOUT_RETURN_TYPE = YES_ERROR;
				GCC_WARN_UNDECLARED_SELECTOR = YES;
				GCC_WARN_UNINITIALIZED_AUTOS = YES_AGGRESSIVE;
				GCC_WARN_UNUSED_FUNCTION = YES;
				GCC_WARN_UNUSED_VARIABLE = YES;
				IPHONEOS_DEPLOYMENT_TARGET = 16.0;
				LOCALIZATION_PREFERS_STRING_CATALOGS = YES;
				MTL_ENABLE_DEBUG_INFO = NO;
				MTL_FAST_MATH = YES;
				SDKROOT = iphoneos;
				SWIFT_COMPILATION_MODE = wholemodule;
				VALIDATE_PRODUCT = YES;
			};
			name = Release;
		};
		F54E76CD2B527D97003C65A2 /* Debug */ = {
			isa = XCBuildConfiguration;
			buildSettings = {
				ALWAYS_EMBED_SWIFT_STANDARD_LIBRARIES = YES;
				ASSETCATALOG_COMPILER_APPICON_NAME = AppIcon;
				ASSETCATALOG_COMPILER_GLOBAL_ACCENT_COLOR_NAME = AccentColor;
				CODE_SIGN_ENTITLEMENTS = bearTracks/bearTracks.entitlements;
				"CODE_SIGN_IDENTITY[sdk=macosx*]" = "Apple Development";
				CODE_SIGN_STYLE = Automatic;
				CURRENT_PROJECT_VERSION = 60;
				DEVELOPMENT_ASSET_PATHS = "\"bearTracks/Preview Content\"";
				DEVELOPMENT_TEAM = D6MFYYVHA8;
				ENABLE_PREVIEWS = YES;
				GENERATE_INFOPLIST_FILE = YES;
				INFOPLIST_FILE = bearTracks/Info.plist;
				INFOPLIST_KEY_CFBundleDisplayName = bearTracks;
				INFOPLIST_KEY_LSApplicationCategoryType = "public.app-category.productivity";
				INFOPLIST_KEY_NSHumanReadableCopyright = "Copyright © 2024 Jayen Agrawal. All rights reserved.";
				INFOPLIST_KEY_UIApplicationSupportsIndirectInputEvents = YES;
				INFOPLIST_KEY_UILaunchScreen_Generation = YES;
				INFOPLIST_KEY_UILaunchStoryboardName = "";
				INFOPLIST_KEY_UIStatusBarStyle = "";
				INFOPLIST_KEY_UISupportedInterfaceOrientations = UIInterfaceOrientationPortrait;
				INFOPLIST_KEY_UISupportedInterfaceOrientations_iPad = "UIInterfaceOrientationLandscapeLeft UIInterfaceOrientationLandscapeRight UIInterfaceOrientationPortrait UIInterfaceOrientationPortraitUpsideDown";
				IPHONEOS_DEPLOYMENT_TARGET = 15.0;
				LD_RUNPATH_SEARCH_PATHS = (
					"$(inherited)",
					"@executable_path/Frameworks",
				);
				MARKETING_VERSION = 5.1.4;
				PRODUCT_BUNDLE_IDENTIFIER = com.jayagra.beartracks;
				PRODUCT_NAME = "$(TARGET_NAME)";
				SDKROOT = xros;
				SUPPORTED_PLATFORMS = "iphoneos iphonesimulator xros xrsimulator";
				SUPPORTS_MACCATALYST = YES;
				SUPPORTS_MAC_DESIGNED_FOR_IPHONE_IPAD = NO;
				SUPPORTS_XR_DESIGNED_FOR_IPHONE_IPAD = NO;
				SWIFT_EMIT_LOC_STRINGS = YES;
				SWIFT_VERSION = 5.0;
				TARGETED_DEVICE_FAMILY = "1,2,6,7";
				TVOS_DEPLOYMENT_TARGET = 17.0;
			};
			name = Debug;
		};
		F54E76CE2B527D97003C65A2 /* Release */ = {
			isa = XCBuildConfiguration;
			buildSettings = {
				ALWAYS_EMBED_SWIFT_STANDARD_LIBRARIES = YES;
				ASSETCATALOG_COMPILER_APPICON_NAME = AppIcon;
				ASSETCATALOG_COMPILER_GLOBAL_ACCENT_COLOR_NAME = AccentColor;
				CODE_SIGN_ENTITLEMENTS = bearTracks/bearTracks.entitlements;
				"CODE_SIGN_IDENTITY[sdk=macosx*]" = "Apple Development";
				CODE_SIGN_STYLE = Automatic;
				CURRENT_PROJECT_VERSION = 60;
				DEVELOPMENT_ASSET_PATHS = "\"bearTracks/Preview Content\"";
				DEVELOPMENT_TEAM = D6MFYYVHA8;
				ENABLE_PREVIEWS = YES;
				GENERATE_INFOPLIST_FILE = YES;
				INFOPLIST_FILE = bearTracks/Info.plist;
				INFOPLIST_KEY_CFBundleDisplayName = bearTracks;
				INFOPLIST_KEY_LSApplicationCategoryType = "public.app-category.productivity";
				INFOPLIST_KEY_NSHumanReadableCopyright = "Copyright © 2024 Jayen Agrawal. All rights reserved.";
				INFOPLIST_KEY_UIApplicationSupportsIndirectInputEvents = YES;
				INFOPLIST_KEY_UILaunchScreen_Generation = YES;
				INFOPLIST_KEY_UILaunchStoryboardName = "";
				INFOPLIST_KEY_UIStatusBarStyle = "";
				INFOPLIST_KEY_UISupportedInterfaceOrientations = UIInterfaceOrientationPortrait;
				INFOPLIST_KEY_UISupportedInterfaceOrientations_iPad = "UIInterfaceOrientationLandscapeLeft UIInterfaceOrientationLandscapeRight UIInterfaceOrientationPortrait UIInterfaceOrientationPortraitUpsideDown";
				IPHONEOS_DEPLOYMENT_TARGET = 15.0;
				LD_RUNPATH_SEARCH_PATHS = (
					"$(inherited)",
					"@executable_path/Frameworks",
				);
				MARKETING_VERSION = 5.1.4;
				PRODUCT_BUNDLE_IDENTIFIER = com.jayagra.beartracks;
				PRODUCT_NAME = "$(TARGET_NAME)";
				SDKROOT = xros;
				SUPPORTED_PLATFORMS = "iphoneos iphonesimulator xros xrsimulator";
				SUPPORTS_MACCATALYST = YES;
				SUPPORTS_MAC_DESIGNED_FOR_IPHONE_IPAD = NO;
				SUPPORTS_XR_DESIGNED_FOR_IPHONE_IPAD = NO;
				SWIFT_EMIT_LOC_STRINGS = YES;
				SWIFT_VERSION = 5.0;
				TARGETED_DEVICE_FAMILY = "1,2,6,7";
				TVOS_DEPLOYMENT_TARGET = 17.0;
			};
			name = Release;
		};
		F5B8D1BA2B9670F200D3F230 /* Debug */ = {
			isa = XCBuildConfiguration;
			buildSettings = {
				ASSETCATALOG_COMPILER_APPICON_NAME = AppIcon;
				ASSETCATALOG_COMPILER_GLOBAL_ACCENT_COLOR_NAME = AccentColor;
				CODE_SIGN_ENTITLEMENTS = "beartracks-watch Watch App/beartracks-watch Watch App.entitlements";
				CODE_SIGN_STYLE = Automatic;
				CURRENT_PROJECT_VERSION = 30;
				DEVELOPMENT_ASSET_PATHS = "\"beartracks-watch Watch App/Preview Content\"";
				DEVELOPMENT_TEAM = D6MFYYVHA8;
				ENABLE_PREVIEWS = YES;
				GENERATE_INFOPLIST_FILE = YES;
				INFOPLIST_FILE = "beartracks-watch-Watch-App-Info.plist";
				INFOPLIST_KEY_CFBundleDisplayName = "beartracks-watch";
				INFOPLIST_KEY_UISupportedInterfaceOrientations = "UIInterfaceOrientationPortrait UIInterfaceOrientationPortraitUpsideDown";
				INFOPLIST_KEY_WKCompanionAppBundleIdentifier = com.jayagra.beartracks;
				LD_RUNPATH_SEARCH_PATHS = (
					"$(inherited)",
					"@executable_path/Frameworks",
				);
				MARKETING_VERSION = 5.1.1;
				PRODUCT_BUNDLE_IDENTIFIER = com.jayagra.beartracks.watchkitapp;
				PRODUCT_NAME = "$(TARGET_NAME)";
				SDKROOT = watchos;
				SKIP_INSTALL = YES;
				SWIFT_EMIT_LOC_STRINGS = YES;
				SWIFT_VERSION = 5.0;
				TARGETED_DEVICE_FAMILY = 4;
				WATCHOS_DEPLOYMENT_TARGET = 9.0;
			};
			name = Debug;
		};
		F5B8D1BB2B9670F200D3F230 /* Release */ = {
			isa = XCBuildConfiguration;
			buildSettings = {
				ASSETCATALOG_COMPILER_APPICON_NAME = AppIcon;
				ASSETCATALOG_COMPILER_GLOBAL_ACCENT_COLOR_NAME = AccentColor;
				CODE_SIGN_ENTITLEMENTS = "beartracks-watch Watch App/beartracks-watch Watch App.entitlements";
				CODE_SIGN_STYLE = Automatic;
				CURRENT_PROJECT_VERSION = 30;
				DEVELOPMENT_ASSET_PATHS = "\"beartracks-watch Watch App/Preview Content\"";
				DEVELOPMENT_TEAM = D6MFYYVHA8;
				ENABLE_PREVIEWS = YES;
				GENERATE_INFOPLIST_FILE = YES;
				INFOPLIST_FILE = "beartracks-watch-Watch-App-Info.plist";
				INFOPLIST_KEY_CFBundleDisplayName = "beartracks-watch";
				INFOPLIST_KEY_UISupportedInterfaceOrientations = "UIInterfaceOrientationPortrait UIInterfaceOrientationPortraitUpsideDown";
				INFOPLIST_KEY_WKCompanionAppBundleIdentifier = com.jayagra.beartracks;
				LD_RUNPATH_SEARCH_PATHS = (
					"$(inherited)",
					"@executable_path/Frameworks",
				);
				MARKETING_VERSION = 5.1.1;
				PRODUCT_BUNDLE_IDENTIFIER = com.jayagra.beartracks.watchkitapp;
				PRODUCT_NAME = "$(TARGET_NAME)";
				SDKROOT = watchos;
				SKIP_INSTALL = YES;
				SWIFT_EMIT_LOC_STRINGS = YES;
				SWIFT_VERSION = 5.0;
				TARGETED_DEVICE_FAMILY = 4;
				WATCHOS_DEPLOYMENT_TARGET = 9.0;
			};
			name = Release;
		};
/* End XCBuildConfiguration section */

/* Begin XCConfigurationList section */
		F54E76B92B527D96003C65A2 /* Build configuration list for PBXProject "bearTracks" */ = {
			isa = XCConfigurationList;
			buildConfigurations = (
				F54E76CA2B527D97003C65A2 /* Debug */,
				F54E76CB2B527D97003C65A2 /* Release */,
			);
			defaultConfigurationIsVisible = 0;
			defaultConfigurationName = Release;
		};
		F54E76CC2B527D97003C65A2 /* Build configuration list for PBXNativeTarget "bearTracks" */ = {
			isa = XCConfigurationList;
			buildConfigurations = (
				F54E76CD2B527D97003C65A2 /* Debug */,
				F54E76CE2B527D97003C65A2 /* Release */,
			);
			defaultConfigurationIsVisible = 0;
			defaultConfigurationName = Release;
		};
		F5B8D1BC2B9670F200D3F230 /* Build configuration list for PBXNativeTarget "beartracks-watch Watch App" */ = {
			isa = XCConfigurationList;
			buildConfigurations = (
				F5B8D1BA2B9670F200D3F230 /* Debug */,
				F5B8D1BB2B9670F200D3F230 /* Release */,
			);
			defaultConfigurationIsVisible = 0;
			defaultConfigurationName = Release;
		};
/* End XCConfigurationList section */
	};
	rootObject = F54E76B62B527D96003C65A2 /* Project object */;
}
