// !$*UTF8*$!
{
	archiveVersion = 1;
	classes = {
	};
	objectVersion = 56;
	objects = {

/* Begin PBXBuildFile section */
		F5081BA22B741D15001497DB /* AppState.swift in Sources */ = {isa = PBXBuildFile; fileRef = F5081BA12B741D15001497DB /* AppState.swift */; };
		F51BC0C62BB71B2D009587C1 /* Stickers.xcstickers in Resources */ = {isa = PBXBuildFile; fileRef = F51BC0A02BB717D1009587C1 /* Stickers.xcstickers */; };
		F51BC0CF2BB71CB5009587C1 /* bearTracks Stickers.appex in Embed Foundation Extensions */ = {isa = PBXBuildFile; fileRef = F51BC0B82BB71AF5009587C1 /* bearTracks Stickers.appex */; platformFilter = ios; settings = {ATTRIBUTES = (RemoveHeadersOnCopy, ); }; };
		F532B0342D4BE6D900B7C127 /* RegionalPoints.swift in Sources */ = {isa = PBXBuildFile; fileRef = F532B0322D4BE6D900B7C127 /* RegionalPoints.swift */; };
		F535387A2BB4D03F00D15A15 /* Assets.xcassets in Resources */ = {isa = PBXBuildFile; fileRef = F54E76C52B527D97003C65A2 /* Assets.xcassets */; };
		F53F36422BB74B0A008F196B /* Assets.xcassets in Resources */ = {isa = PBXBuildFile; fileRef = F53F36412BB74B0A008F196B /* Assets.xcassets */; };
		F53F36452BB74B0A008F196B /* Preview Assets.xcassets in Resources */ = {isa = PBXBuildFile; fileRef = F53F36442BB74B0A008F196B /* Preview Assets.xcassets */; };
		F53F36492BB74BE1008F196B /* LoginView.swift in Sources */ = {isa = PBXBuildFile; fileRef = F5AE2E5D2B52FF3F0033DB0D /* LoginView.swift */; };
		F53F364A2BB74BE4008F196B /* AppState.swift in Sources */ = {isa = PBXBuildFile; fileRef = F5081BA12B741D15001497DB /* AppState.swift */; };
		F53F364D2BB74BF1008F196B /* MatchDetailView.swift in Sources */ = {isa = PBXBuildFile; fileRef = F542E34B2B9C028F002F6E05 /* MatchDetailView.swift */; };
		F53F364E2BB74BF3008F196B /* SettingsManager.swift in Sources */ = {isa = PBXBuildFile; fileRef = F5AE2E4E2B527E170033DB0D /* SettingsManager.swift */; };
		F53F36502BB74BFA008F196B /* URLSessionConfiguration.swift in Sources */ = {isa = PBXBuildFile; fileRef = F5AE2E592B5288FB0033DB0D /* URLSessionConfiguration.swift */; };
		F53F36522BB74C20008F196B /* TeamViewModel.swift in Sources */ = {isa = PBXBuildFile; fileRef = F540A13E2B549D2E00611384 /* TeamViewModel.swift */; };
		F53F36532BB74C8E008F196B /* TeamStatController.swift in Sources */ = {isa = PBXBuildFile; fileRef = F59F8F7C2B7D2AD600D35A56 /* TeamStatController.swift */; };
		F53F36562BB75112008F196B /* bearTracks-matches.swift in Sources */ = {isa = PBXBuildFile; fileRef = F53F36552BB75112008F196B /* bearTracks-matches.swift */; };
		F540A13D2B549D2500611384 /* TeamView.swift in Sources */ = {isa = PBXBuildFile; fileRef = F540A13C2B549D2500611384 /* TeamView.swift */; };
		F540A13F2B549D2E00611384 /* TeamViewModel.swift in Sources */ = {isa = PBXBuildFile; fileRef = F540A13E2B549D2E00611384 /* TeamViewModel.swift */; };
		F542E34C2B9C028F002F6E05 /* MatchDetailView.swift in Sources */ = {isa = PBXBuildFile; fileRef = F542E34B2B9C028F002F6E05 /* MatchDetailView.swift */; };
		F5475D8E2D53CC0D00E81F49 /* PitDataView.swift in Sources */ = {isa = PBXBuildFile; fileRef = F5475D8C2D53CC0D00E81F49 /* PitDataView.swift */; };
		F5475D912D53CCCE00E81F49 /* PitDataController.swift in Sources */ = {isa = PBXBuildFile; fileRef = F5475D902D53CCCE00E81F49 /* PitDataController.swift */; };
		F5475D922D53CCCE00E81F49 /* PitDataController.swift in Sources */ = {isa = PBXBuildFile; fileRef = F5475D902D53CCCE00E81F49 /* PitDataController.swift */; };
		F5475D932D53CCCE00E81F49 /* PitDataController.swift in Sources */ = {isa = PBXBuildFile; fileRef = F5475D902D53CCCE00E81F49 /* PitDataController.swift */; };
		F54E76C22B527D96003C65A2 /* bearTracksApp.swift in Sources */ = {isa = PBXBuildFile; fileRef = F54E76C12B527D96003C65A2 /* bearTracksApp.swift */; };
		F54E76C62B527D97003C65A2 /* Assets.xcassets in Resources */ = {isa = PBXBuildFile; fileRef = F54E76C52B527D97003C65A2 /* Assets.xcassets */; };
		F54E76C92B527D97003C65A2 /* Preview Assets.xcassets in Resources */ = {isa = PBXBuildFile; fileRef = F54E76C82B527D97003C65A2 /* Preview Assets.xcassets */; };
		F597AFFE2D6E74E0006CF1A5 /* CarouselView.swift in Sources */ = {isa = PBXBuildFile; fileRef = F597AFFD2D6E74CF006CF1A5 /* CarouselView.swift */; };
		F597B0002D6E778D006CF1A5 /* CarouselView.swift in Sources */ = {isa = PBXBuildFile; fileRef = F597AFFD2D6E74CF006CF1A5 /* CarouselView.swift */; };
		F59F8F7B2B7D292700D35A56 /* TeamViewStats.swift in Sources */ = {isa = PBXBuildFile; fileRef = F59F8F7A2B7D292700D35A56 /* TeamViewStats.swift */; };
		F59F8F7D2B7D2AD600D35A56 /* TeamStatController.swift in Sources */ = {isa = PBXBuildFile; fileRef = F59F8F7C2B7D2AD600D35A56 /* TeamStatController.swift */; };
		F5AE2E462B527E050033DB0D /* MatchList.swift in Sources */ = {isa = PBXBuildFile; fileRef = F5AE2E3F2B527E050033DB0D /* MatchList.swift */; };
		F5AE2E472B527E050033DB0D /* DetailedView.swift in Sources */ = {isa = PBXBuildFile; fileRef = F5AE2E402B527E050033DB0D /* DetailedView.swift */; };
		F5AE2E4C2B527E050033DB0D /* DataView.swift in Sources */ = {isa = PBXBuildFile; fileRef = F5AE2E452B527E050033DB0D /* DataView.swift */; };
		F5AE2E532B527E170033DB0D /* Teams.swift in Sources */ = {isa = PBXBuildFile; fileRef = F5AE2E4D2B527E170033DB0D /* Teams.swift */; };
		F5AE2E542B527E170033DB0D /* SettingsManager.swift in Sources */ = {isa = PBXBuildFile; fileRef = F5AE2E4E2B527E170033DB0D /* SettingsManager.swift */; };
		F5AE2E582B527E170033DB0D /* SettingsView.swift in Sources */ = {isa = PBXBuildFile; fileRef = F5AE2E522B527E170033DB0D /* SettingsView.swift */; };
		F5AE2E5A2B5288FB0033DB0D /* URLSessionConfiguration.swift in Sources */ = {isa = PBXBuildFile; fileRef = F5AE2E592B5288FB0033DB0D /* URLSessionConfiguration.swift */; };
		F5AE2E5E2B52FF3F0033DB0D /* LoginView.swift in Sources */ = {isa = PBXBuildFile; fileRef = F5AE2E5D2B52FF3F0033DB0D /* LoginView.swift */; };
		F5B8D1AF2B9670F200D3F230 /* beartracks_watchApp.swift in Sources */ = {isa = PBXBuildFile; fileRef = F5B8D1AE2B9670F200D3F230 /* beartracks_watchApp.swift */; };
		F5B8D1B32B9670F200D3F230 /* Assets.xcassets in Resources */ = {isa = PBXBuildFile; fileRef = F5B8D1B22B9670F200D3F230 /* Assets.xcassets */; };
		F5B8D1B62B9670F200D3F230 /* Preview Assets.xcassets in Resources */ = {isa = PBXBuildFile; fileRef = F5B8D1B52B9670F200D3F230 /* Preview Assets.xcassets */; };
		F5B8D1B92B9670F200D3F230 /* bearTracks Watch App.app in Embed Watch Content */ = {isa = PBXBuildFile; fileRef = F5B8D1AC2B9670F200D3F230 /* bearTracks Watch App.app */; platformFilter = ios; settings = {ATTRIBUTES = (RemoveHeadersOnCopy, ); }; };
		F5B8D1BD2B96710900D3F230 /* URLSessionConfiguration.swift in Sources */ = {isa = PBXBuildFile; fileRef = F5AE2E592B5288FB0033DB0D /* URLSessionConfiguration.swift */; };
		F5B8D1BE2B96715500D3F230 /* AppState.swift in Sources */ = {isa = PBXBuildFile; fileRef = F5081BA12B741D15001497DB /* AppState.swift */; };
		F5B8D1BF2B96716D00D3F230 /* SettingsManager.swift in Sources */ = {isa = PBXBuildFile; fileRef = F5AE2E4E2B527E170033DB0D /* SettingsManager.swift */; };
		F5B8D1C02B96719F00D3F230 /* Teams.swift in Sources */ = {isa = PBXBuildFile; fileRef = F5AE2E4D2B527E170033DB0D /* Teams.swift */; };
		F5B8D1C22B96727400D3F230 /* TeamView.swift in Sources */ = {isa = PBXBuildFile; fileRef = F540A13C2B549D2500611384 /* TeamView.swift */; };
		F5B8D1C32B96727A00D3F230 /* DetailedView.swift in Sources */ = {isa = PBXBuildFile; fileRef = F5AE2E402B527E050033DB0D /* DetailedView.swift */; };
		F5B8D1C42B96728500D3F230 /* TeamViewModel.swift in Sources */ = {isa = PBXBuildFile; fileRef = F540A13E2B549D2E00611384 /* TeamViewModel.swift */; };
		F5B8D1C62B96729200D3F230 /* TeamStatController.swift in Sources */ = {isa = PBXBuildFile; fileRef = F59F8F7C2B7D2AD600D35A56 /* TeamStatController.swift */; };
		F5B8D1C92B96779400D3F230 /* LoginView.swift in Sources */ = {isa = PBXBuildFile; fileRef = F5AE2E5D2B52FF3F0033DB0D /* LoginView.swift */; };
		F5BDD40A2B96CD570099C7A7 /* SettingsView.swift in Sources */ = {isa = PBXBuildFile; fileRef = F5AE2E522B527E170033DB0D /* SettingsView.swift */; };
		F5C346C12BB796CB00087B69 /* PrivacyInfo.xcprivacy in Resources */ = {isa = PBXBuildFile; fileRef = F5C346C02BB796CB00087B69 /* PrivacyInfo.xcprivacy */; };
/* End PBXBuildFile section */

/* Begin PBXContainerItemProxy section */
		F51BC0B12BB71ABB009587C1 /* PBXContainerItemProxy */ = {
			isa = PBXContainerItemProxy;
			containerPortal = F54E76B62B527D96003C65A2 /* Project object */;
			proxyType = 1;
			remoteGlobalIDString = F51BC0982BB717D1009587C1;
			remoteInfo = "bearTracks-stickers";
		};
		F51BC0CD2BB71CB2009587C1 /* PBXContainerItemProxy */ = {
			isa = PBXContainerItemProxy;
			containerPortal = F54E76B62B527D96003C65A2 /* Project object */;
			proxyType = 1;
			remoteGlobalIDString = F51BC0B42BB71AF5009587C1;
			remoteInfo = sitckers;
		};
		F51BC0D02BB71CB5009587C1 /* PBXContainerItemProxy */ = {
			isa = PBXContainerItemProxy;
			containerPortal = F54E76B62B527D96003C65A2 /* Project object */;
			proxyType = 1;
			remoteGlobalIDString = F51BC0B72BB71AF5009587C1;
			remoteInfo = "sitckers StickerPackExtension";
		};
		F5B8D1B72B9670F200D3F230 /* PBXContainerItemProxy */ = {
			isa = PBXContainerItemProxy;
			containerPortal = F54E76B62B527D96003C65A2 /* Project object */;
			proxyType = 1;
			remoteGlobalIDString = F5B8D1AB2B9670F200D3F230;
			remoteInfo = "beartracks-watch Watch App";
		};
/* End PBXContainerItemProxy section */

/* Begin PBXCopyFilesBuildPhase section */
		F5B95B632B58B04400AB888C /* Embed Foundation Extensions */ = {
			isa = PBXCopyFilesBuildPhase;
			buildActionMask = 2147483647;
			dstPath = "";
			dstSubfolderSpec = 13;
			files = (
				F51BC0CF2BB71CB5009587C1 /* bearTracks Stickers.appex in Embed Foundation Extensions */,
			);
			name = "Embed Foundation Extensions";
			runOnlyForDeploymentPostprocessing = 0;
		};
		F5C164DB2B534279007CE1A8 /* Embed Watch Content */ = {
			isa = PBXCopyFilesBuildPhase;
			buildActionMask = 2147483647;
			dstPath = "$(CONTENTS_FOLDER_PATH)/Watch";
			dstSubfolderSpec = 16;
			files = (
				F5B8D1B92B9670F200D3F230 /* bearTracks Watch App.app in Embed Watch Content */,
			);
			name = "Embed Watch Content";
			runOnlyForDeploymentPostprocessing = 0;
		};
/* End PBXCopyFilesBuildPhase section */

/* Begin PBXFileReference section */
		F5081BA12B741D15001497DB /* AppState.swift */ = {isa = PBXFileReference; lastKnownFileType = sourcecode.swift; path = AppState.swift; sourceTree = "<group>"; };
		F51BC0A02BB717D1009587C1 /* Stickers.xcstickers */ = {isa = PBXFileReference; lastKnownFileType = folder.stickers; name = Stickers.xcstickers; path = "bearTracks-stickers StickerPackExtension/Stickers.xcstickers"; sourceTree = "<group>"; };
		F51BC0B82BB71AF5009587C1 /* bearTracks Stickers.appex */ = {isa = PBXFileReference; explicitFileType = "wrapper.app-extension"; includeInIndex = 0; path = "bearTracks Stickers.appex"; sourceTree = BUILT_PRODUCTS_DIR; };
		F532B0322D4BE6D900B7C127 /* RegionalPoints.swift */ = {isa = PBXFileReference; lastKnownFileType = sourcecode.swift; path = RegionalPoints.swift; sourceTree = "<group>"; };
		F53F363B2BB74B09008F196B /* bearTracks TV.app */ = {isa = PBXFileReference; explicitFileType = wrapper.application; includeInIndex = 0; path = "bearTracks TV.app"; sourceTree = BUILT_PRODUCTS_DIR; };
		F53F36412BB74B0A008F196B /* Assets.xcassets */ = {isa = PBXFileReference; lastKnownFileType = folder.assetcatalog; path = Assets.xcassets; sourceTree = "<group>"; };
		F53F36442BB74B0A008F196B /* Preview Assets.xcassets */ = {isa = PBXFileReference; lastKnownFileType = folder.assetcatalog; path = "Preview Assets.xcassets"; sourceTree = "<group>"; };
		F53F36552BB75112008F196B /* bearTracks-matches.swift */ = {isa = PBXFileReference; lastKnownFileType = sourcecode.swift; path = "bearTracks-matches.swift"; sourceTree = "<group>"; };
		F540A13C2B549D2500611384 /* TeamView.swift */ = {isa = PBXFileReference; lastKnownFileType = sourcecode.swift; path = TeamView.swift; sourceTree = "<group>"; };
		F540A13E2B549D2E00611384 /* TeamViewModel.swift */ = {isa = PBXFileReference; lastKnownFileType = sourcecode.swift; path = TeamViewModel.swift; sourceTree = "<group>"; };
		F542E34B2B9C028F002F6E05 /* MatchDetailView.swift */ = {isa = PBXFileReference; lastKnownFileType = sourcecode.swift; path = MatchDetailView.swift; sourceTree = "<group>"; };
		F5475D8C2D53CC0D00E81F49 /* PitDataView.swift */ = {isa = PBXFileReference; lastKnownFileType = sourcecode.swift; path = PitDataView.swift; sourceTree = "<group>"; };
		F5475D902D53CCCE00E81F49 /* PitDataController.swift */ = {isa = PBXFileReference; lastKnownFileType = sourcecode.swift; path = PitDataController.swift; sourceTree = "<group>"; };
		F54E76BE2B527D96003C65A2 /* bearTracks.app */ = {isa = PBXFileReference; explicitFileType = wrapper.application; includeInIndex = 0; path = bearTracks.app; sourceTree = BUILT_PRODUCTS_DIR; };
		F54E76C12B527D96003C65A2 /* bearTracksApp.swift */ = {isa = PBXFileReference; lastKnownFileType = sourcecode.swift; path = bearTracksApp.swift; sourceTree = "<group>"; };
		F54E76C52B527D97003C65A2 /* Assets.xcassets */ = {isa = PBXFileReference; lastKnownFileType = folder.assetcatalog; path = Assets.xcassets; sourceTree = "<group>"; };
		F54E76C82B527D97003C65A2 /* Preview Assets.xcassets */ = {isa = PBXFileReference; lastKnownFileType = folder.assetcatalog; path = "Preview Assets.xcassets"; sourceTree = "<group>"; };
		F597AFFD2D6E74CF006CF1A5 /* CarouselView.swift */ = {isa = PBXFileReference; lastKnownFileType = sourcecode.swift; path = CarouselView.swift; sourceTree = "<group>"; };
		F59F8F7A2B7D292700D35A56 /* TeamViewStats.swift */ = {isa = PBXFileReference; lastKnownFileType = sourcecode.swift; name = TeamViewStats.swift; path = ../../TeamViewStats.swift; sourceTree = "<group>"; };
		F59F8F7C2B7D2AD600D35A56 /* TeamStatController.swift */ = {isa = PBXFileReference; lastKnownFileType = sourcecode.swift; path = TeamStatController.swift; sourceTree = "<group>"; };
		F5AE2E3F2B527E050033DB0D /* MatchList.swift */ = {isa = PBXFileReference; fileEncoding = 4; lastKnownFileType = sourcecode.swift; name = MatchList.swift; path = bearTracks/MatchList.swift; sourceTree = SOURCE_ROOT; };
		F5AE2E402B527E050033DB0D /* DetailedView.swift */ = {isa = PBXFileReference; fileEncoding = 4; lastKnownFileType = sourcecode.swift; name = DetailedView.swift; path = bearTracks/DetailedView.swift; sourceTree = SOURCE_ROOT; };
		F5AE2E452B527E050033DB0D /* DataView.swift */ = {isa = PBXFileReference; fileEncoding = 4; lastKnownFileType = sourcecode.swift; name = DataView.swift; path = bearTracks/DataView.swift; sourceTree = SOURCE_ROOT; };
		F5AE2E4D2B527E170033DB0D /* Teams.swift */ = {isa = PBXFileReference; fileEncoding = 4; lastKnownFileType = sourcecode.swift; path = Teams.swift; sourceTree = "<group>"; };
		F5AE2E4E2B527E170033DB0D /* SettingsManager.swift */ = {isa = PBXFileReference; fileEncoding = 4; lastKnownFileType = sourcecode.swift; path = SettingsManager.swift; sourceTree = "<group>"; };
		F5AE2E522B527E170033DB0D /* SettingsView.swift */ = {isa = PBXFileReference; fileEncoding = 4; lastKnownFileType = sourcecode.swift; path = SettingsView.swift; sourceTree = "<group>"; };
		F5AE2E592B5288FB0033DB0D /* URLSessionConfiguration.swift */ = {isa = PBXFileReference; lastKnownFileType = sourcecode.swift; path = URLSessionConfiguration.swift; sourceTree = "<group>"; };
		F5AE2E5D2B52FF3F0033DB0D /* LoginView.swift */ = {isa = PBXFileReference; lastKnownFileType = sourcecode.swift; path = LoginView.swift; sourceTree = "<group>"; };
		F5B8D1AC2B9670F200D3F230 /* bearTracks Watch App.app */ = {isa = PBXFileReference; explicitFileType = wrapper.application; includeInIndex = 0; path = "bearTracks Watch App.app"; sourceTree = BUILT_PRODUCTS_DIR; };
		F5B8D1AE2B9670F200D3F230 /* beartracks_watchApp.swift */ = {isa = PBXFileReference; lastKnownFileType = sourcecode.swift; path = beartracks_watchApp.swift; sourceTree = "<group>"; };
		F5B8D1B22B9670F200D3F230 /* Assets.xcassets */ = {isa = PBXFileReference; lastKnownFileType = folder.assetcatalog; path = Assets.xcassets; sourceTree = "<group>"; };
		F5B8D1B52B9670F200D3F230 /* Preview Assets.xcassets */ = {isa = PBXFileReference; lastKnownFileType = folder.assetcatalog; path = "Preview Assets.xcassets"; sourceTree = "<group>"; };
		F5B8D1C82B96762D00D3F230 /* beartracks-watch Watch App.entitlements */ = {isa = PBXFileReference; lastKnownFileType = text.plist.entitlements; path = "beartracks-watch Watch App.entitlements"; sourceTree = "<group>"; };
		F5BDD4092B96B78D0099C7A7 /* beartracks-watch-Watch-App-Info.plist */ = {isa = PBXFileReference; lastKnownFileType = text.plist; path = "beartracks-watch-Watch-App-Info.plist"; sourceTree = SOURCE_ROOT; };
		F5C346C02BB796CB00087B69 /* PrivacyInfo.xcprivacy */ = {isa = PBXFileReference; fileEncoding = 4; lastKnownFileType = text.xml; path = PrivacyInfo.xcprivacy; sourceTree = "<group>"; };
		F5D3D3402B5A098D00A88A00 /* bearTracks.entitlements */ = {isa = PBXFileReference; lastKnownFileType = text.plist.entitlements; path = bearTracks.entitlements; sourceTree = "<group>"; };
		F5D3D3452B5A17AE00A88A00 /* Info.plist */ = {isa = PBXFileReference; lastKnownFileType = text.plist; path = Info.plist; sourceTree = "<group>"; };
/* End PBXFileReference section */

/* Begin PBXFrameworksBuildPhase section */
		F53F36382BB74B09008F196B /* Frameworks */ = {
			isa = PBXFrameworksBuildPhase;
			buildActionMask = 2147483647;
			files = (
			);
			runOnlyForDeploymentPostprocessing = 0;
		};
		F54E76BB2B527D96003C65A2 /* Frameworks */ = {
			isa = PBXFrameworksBuildPhase;
			buildActionMask = 2147483647;
			files = (
			);
			runOnlyForDeploymentPostprocessing = 0;
		};
		F5B8D1A92B9670F200D3F230 /* Frameworks */ = {
			isa = PBXFrameworksBuildPhase;
			buildActionMask = 2147483647;
			files = (
			);
			runOnlyForDeploymentPostprocessing = 0;
		};
/* End PBXFrameworksBuildPhase section */

/* Begin PBXGroup section */
		F51BC0AA2BB71A55009587C1 /* Frameworks */ = {
			isa = PBXGroup;
			children = (
			);
			name = Frameworks;
			sourceTree = "<group>";
		};
		F53F363C2BB74B09008F196B /* beartracks-matches */ = {
			isa = PBXGroup;
			children = (
				F53F36412BB74B0A008F196B /* Assets.xcassets */,
				F53F36432BB74B0A008F196B /* Preview Content */,
				F53F36552BB75112008F196B /* bearTracks-matches.swift */,
			);
			path = "beartracks-matches";
			sourceTree = "<group>";
		};
		F53F36432BB74B0A008F196B /* Preview Content */ = {
			isa = PBXGroup;
			children = (
				F53F36442BB74B0A008F196B /* Preview Assets.xcassets */,
			);
			path = "Preview Content";
			sourceTree = "<group>";
		};
		F54E76B52B527D96003C65A2 = {
			isa = PBXGroup;
			children = (
				F51BC0A02BB717D1009587C1 /* Stickers.xcstickers */,
				F54E76C02B527D96003C65A2 /* bearTracks */,
				F5B8D1AD2B9670F200D3F230 /* beartracks-watch Watch App */,
				F53F363C2BB74B09008F196B /* beartracks-matches */,
				F54E76BF2B527D96003C65A2 /* Products */,
				F51BC0AA2BB71A55009587C1 /* Frameworks */,
			);
			sourceTree = "<group>";
		};
		F54E76BF2B527D96003C65A2 /* Products */ = {
			isa = PBXGroup;
			children = (
				F54E76BE2B527D96003C65A2 /* bearTracks.app */,
				F5B8D1AC2B9670F200D3F230 /* bearTracks Watch App.app */,
				F51BC0B82BB71AF5009587C1 /* bearTracks Stickers.appex */,
				F53F363B2BB74B09008F196B /* bearTracks TV.app */,
			);
			name = Products;
			sourceTree = "<group>";
		};
		F54E76C02B527D96003C65A2 /* bearTracks */ = {
			isa = PBXGroup;
			children = (
				F5D3D3402B5A098D00A88A00 /* bearTracks.entitlements */,
				F5D3D3452B5A17AE00A88A00 /* Info.plist */,
				F5081BA12B741D15001497DB /* AppState.swift */,
				F54E76C12B527D96003C65A2 /* bearTracksApp.swift */,
				F5AE2E452B527E050033DB0D /* DataView.swift */,
				F5AE2E402B527E050033DB0D /* DetailedView.swift */,
				F5AE2E5D2B52FF3F0033DB0D /* LoginView.swift */,
				F542E34B2B9C028F002F6E05 /* MatchDetailView.swift */,
				F5AE2E3F2B527E050033DB0D /* MatchList.swift */,
				F5AE2E4E2B527E170033DB0D /* SettingsManager.swift */,
				F5AE2E522B527E170033DB0D /* SettingsView.swift */,
				F5AE2E4D2B527E170033DB0D /* Teams.swift */,
				F59F8F7C2B7D2AD600D35A56 /* TeamStatController.swift */,
				F540A13C2B549D2500611384 /* TeamView.swift */,
				F540A13E2B549D2E00611384 /* TeamViewModel.swift */,
				F5475D8C2D53CC0D00E81F49 /* PitDataView.swift */,
				F5475D902D53CCCE00E81F49 /* PitDataController.swift */,
				F597AFFD2D6E74CF006CF1A5 /* CarouselView.swift */,
				F59F8F7A2B7D292700D35A56 /* TeamViewStats.swift */,
				F532B0322D4BE6D900B7C127 /* RegionalPoints.swift */,
				F5AE2E592B5288FB0033DB0D /* URLSessionConfiguration.swift */,
				F54E76C52B527D97003C65A2 /* Assets.xcassets */,
				F5C346C02BB796CB00087B69 /* PrivacyInfo.xcprivacy */,
				F54E76C72B527D97003C65A2 /* Preview Content */,
			);
			path = bearTracks;
			sourceTree = "<group>";
		};
		F54E76C72B527D97003C65A2 /* Preview Content */ = {
			isa = PBXGroup;
			children = (
				F54E76C82B527D97003C65A2 /* Preview Assets.xcassets */,
			);
			path = "Preview Content";
			sourceTree = "<group>";
		};
		F5B8D1AD2B9670F200D3F230 /* beartracks-watch Watch App */ = {
			isa = PBXGroup;
			children = (
				F5BDD4092B96B78D0099C7A7 /* beartracks-watch-Watch-App-Info.plist */,
				F5B8D1C82B96762D00D3F230 /* beartracks-watch Watch App.entitlements */,
				F5B8D1AE2B9670F200D3F230 /* beartracks_watchApp.swift */,
				F5B8D1B22B9670F200D3F230 /* Assets.xcassets */,
				F5B8D1B42B9670F200D3F230 /* Preview Content */,
			);
			path = "beartracks-watch Watch App";
			sourceTree = "<group>";
		};
		F5B8D1B42B9670F200D3F230 /* Preview Content */ = {
			isa = PBXGroup;
			children = (
				F5B8D1B52B9670F200D3F230 /* Preview Assets.xcassets */,
			);
			path = "Preview Content";
			sourceTree = "<group>";
		};
/* End PBXGroup section */

/* Begin PBXNativeTarget section */
		F51BC0B72BB71AF5009587C1 /* bearTracks Stickers */ = {
			isa = PBXNativeTarget;
			buildConfigurationList = F51BC0BF2BB71AF5009587C1 /* Build configuration list for PBXNativeTarget "bearTracks Stickers" */;
			buildPhases = (
				F51BC0B62BB71AF5009587C1 /* Resources */,
			);
			buildRules = (
			);
			dependencies = (
			);
			name = "bearTracks Stickers";
			productName = "sitckers StickerPackExtension";
			productReference = F51BC0B82BB71AF5009587C1 /* bearTracks Stickers.appex */;
			productType = "com.apple.product-type.app-extension.messages-sticker-pack";
		};
		F53F363A2BB74B09008F196B /* bearTracks TV */ = {
			isa = PBXNativeTarget;
			buildConfigurationList = F53F36482BB74B0A008F196B /* Build configuration list for PBXNativeTarget "bearTracks TV" */;
			buildPhases = (
				F53F36372BB74B09008F196B /* Sources */,
				F53F36382BB74B09008F196B /* Frameworks */,
				F53F36392BB74B09008F196B /* Resources */,
			);
			buildRules = (
			);
			dependencies = (
			);
			name = "bearTracks TV";
			productName = "beartracks-matches";
			productReference = F53F363B2BB74B09008F196B /* bearTracks TV.app */;
			productType = "com.apple.product-type.application";
		};
		F54E76BD2B527D96003C65A2 /* bearTracks */ = {
			isa = PBXNativeTarget;
			buildConfigurationList = F54E76CC2B527D97003C65A2 /* Build configuration list for PBXNativeTarget "bearTracks" */;
			buildPhases = (
				F54E76BA2B527D96003C65A2 /* Sources */,
				F54E76BB2B527D96003C65A2 /* Frameworks */,
				F54E76BC2B527D96003C65A2 /* Resources */,
				F5C164DB2B534279007CE1A8 /* Embed Watch Content */,
				F5B95B632B58B04400AB888C /* Embed Foundation Extensions */,
			);
			buildRules = (
			);
			dependencies = (
				F5B8D1B82B9670F200D3F230 /* PBXTargetDependency */,
				F51BC0B22BB71ABB009587C1 /* PBXTargetDependency */,
				F51BC0CE2BB71CB2009587C1 /* PBXTargetDependency */,
				F51BC0D12BB71CB5009587C1 /* PBXTargetDependency */,
			);
			name = bearTracks;
			productName = bearTracks;
			productReference = F54E76BE2B527D96003C65A2 /* bearTracks.app */;
			productType = "com.apple.product-type.application";
		};
		F5B8D1AB2B9670F200D3F230 /* bearTracks Watch App */ = {
			isa = PBXNativeTarget;
			buildConfigurationList = F5B8D1BC2B9670F200D3F230 /* Build configuration list for PBXNativeTarget "bearTracks Watch App" */;
			buildPhases = (
				F5B8D1A82B9670F200D3F230 /* Sources */,
				F5B8D1A92B9670F200D3F230 /* Frameworks */,
				F5B8D1AA2B9670F200D3F230 /* Resources */,
			);
			buildRules = (
			);
			dependencies = (
			);
			name = "bearTracks Watch App";
			productName = "beartracks-watch Watch App";
			productReference = F5B8D1AC2B9670F200D3F230 /* bearTracks Watch App.app */;
			productType = "com.apple.product-type.application";
		};
/* End PBXNativeTarget section */

/* Begin PBXProject section */
		F54E76B62B527D96003C65A2 /* Project object */ = {
			isa = PBXProject;
			attributes = {
				BuildIndependentTargetsInParallel = 1;
				LastSwiftUpdateCheck = 1520;
				LastUpgradeCheck = 1610;
				TargetAttributes = {
					F51BC0B72BB71AF5009587C1 = {
						CreatedOnToolsVersion = 15.2;
						LastSwiftMigration = 1610;
					};
					F53F363A2BB74B09008F196B = {
						CreatedOnToolsVersion = 15.2;
					};
					F54E76BD2B527D96003C65A2 = {
						CreatedOnToolsVersion = 15.2;
					};
					F5B8D1AB2B9670F200D3F230 = {
						CreatedOnToolsVersion = 15.2;
					};
				};
			};
			buildConfigurationList = F54E76B92B527D96003C65A2 /* Build configuration list for PBXProject "bearTracks" */;
			compatibilityVersion = "Xcode 14.0";
			developmentRegion = en;
			hasScannedForEncodings = 0;
			knownRegions = (
				en,
				Base,
			);
			mainGroup = F54E76B52B527D96003C65A2;
			packageReferences = (
			);
			productRefGroup = F54E76BF2B527D96003C65A2 /* Products */;
			projectDirPath = "";
			projectRoot = "";
			targets = (
				F54E76BD2B527D96003C65A2 /* bearTracks */,
				F5B8D1AB2B9670F200D3F230 /* bearTracks Watch App */,
				F51BC0B72BB71AF5009587C1 /* bearTracks Stickers */,
				F53F363A2BB74B09008F196B /* bearTracks TV */,
			);
		};
/* End PBXProject section */

/* Begin PBXResourcesBuildPhase section */
		F51BC0B62BB71AF5009587C1 /* Resources */ = {
			isa = PBXResourcesBuildPhase;
			buildActionMask = 2147483647;
			files = (
				F51BC0C62BB71B2D009587C1 /* Stickers.xcstickers in Resources */,
			);
			runOnlyForDeploymentPostprocessing = 0;
		};
		F53F36392BB74B09008F196B /* Resources */ = {
			isa = PBXResourcesBuildPhase;
			buildActionMask = 2147483647;
			files = (
				F53F36452BB74B0A008F196B /* Preview Assets.xcassets in Resources */,
				F53F36422BB74B0A008F196B /* Assets.xcassets in Resources */,
			);
			runOnlyForDeploymentPostprocessing = 0;
		};
		F54E76BC2B527D96003C65A2 /* Resources */ = {
			isa = PBXResourcesBuildPhase;
			buildActionMask = 2147483647;
			files = (
				F54E76C92B527D97003C65A2 /* Preview Assets.xcassets in Resources */,
				F54E76C62B527D97003C65A2 /* Assets.xcassets in Resources */,
				F5C346C12BB796CB00087B69 /* PrivacyInfo.xcprivacy in Resources */,
			);
			runOnlyForDeploymentPostprocessing = 0;
		};
		F5B8D1AA2B9670F200D3F230 /* Resources */ = {
			isa = PBXResourcesBuildPhase;
			buildActionMask = 2147483647;
			files = (
				F5B8D1B62B9670F200D3F230 /* Preview Assets.xcassets in Resources */,
				F535387A2BB4D03F00D15A15 /* Assets.xcassets in Resources */,
				F5B8D1B32B9670F200D3F230 /* Assets.xcassets in Resources */,
			);
			runOnlyForDeploymentPostprocessing = 0;
		};
/* End PBXResourcesBuildPhase section */

/* Begin PBXSourcesBuildPhase section */
		F53F36372BB74B09008F196B /* Sources */ = {
			isa = PBXSourcesBuildPhase;
			buildActionMask = 2147483647;
			files = (
				F53F36492BB74BE1008F196B /* LoginView.swift in Sources */,
				F53F36522BB74C20008F196B /* TeamViewModel.swift in Sources */,
				F597B0002D6E778D006CF1A5 /* CarouselView.swift in Sources */,
				F53F364E2BB74BF3008F196B /* SettingsManager.swift in Sources */,
				F53F36502BB74BFA008F196B /* URLSessionConfiguration.swift in Sources */,
				F53F364A2BB74BE4008F196B /* AppState.swift in Sources */,
				F53F36532BB74C8E008F196B /* TeamStatController.swift in Sources */,
				F5475D932D53CCCE00E81F49 /* PitDataController.swift in Sources */,
				F53F364D2BB74BF1008F196B /* MatchDetailView.swift in Sources */,
				F53F36562BB75112008F196B /* bearTracks-matches.swift in Sources */,
			);
			runOnlyForDeploymentPostprocessing = 0;
		};
		F54E76BA2B527D96003C65A2 /* Sources */ = {
			isa = PBXSourcesBuildPhase;
			buildActionMask = 2147483647;
			files = (
				F5AE2E532B527E170033DB0D /* Teams.swift in Sources */,
				F59F8F7B2B7D292700D35A56 /* TeamViewStats.swift in Sources */,
				F5475D8E2D53CC0D00E81F49 /* PitDataView.swift in Sources */,
				F5AE2E5A2B5288FB0033DB0D /* URLSessionConfiguration.swift in Sources */,
				F54E76C22B527D96003C65A2 /* bearTracksApp.swift in Sources */,
				F5AE2E5E2B52FF3F0033DB0D /* LoginView.swift in Sources */,
				F532B0342D4BE6D900B7C127 /* RegionalPoints.swift in Sources */,
				F5AE2E472B527E050033DB0D /* DetailedView.swift in Sources */,
				F540A13F2B549D2E00611384 /* TeamViewModel.swift in Sources */,
				F5AE2E582B527E170033DB0D /* SettingsView.swift in Sources */,
				F5AE2E542B527E170033DB0D /* SettingsManager.swift in Sources */,
				F5475D912D53CCCE00E81F49 /* PitDataController.swift in Sources */,
				F59F8F7D2B7D2AD600D35A56 /* TeamStatController.swift in Sources */,
				F597AFFE2D6E74E0006CF1A5 /* CarouselView.swift in Sources */,
				F5081BA22B741D15001497DB /* AppState.swift in Sources */,
				F540A13D2B549D2500611384 /* TeamView.swift in Sources */,
				F5AE2E4C2B527E050033DB0D /* DataView.swift in Sources */,
				F542E34C2B9C028F002F6E05 /* MatchDetailView.swift in Sources */,
				F5AE2E462B527E050033DB0D /* MatchList.swift in Sources */,
			);
			runOnlyForDeploymentPostprocessing = 0;
		};
		F5B8D1A82B9670F200D3F230 /* Sources */ = {
			isa = PBXSourcesBuildPhase;
			buildActionMask = 2147483647;
			files = (
				F5B8D1C02B96719F00D3F230 /* Teams.swift in Sources */,
				F5B8D1C32B96727A00D3F230 /* DetailedView.swift in Sources */,
				F5B8D1C62B96729200D3F230 /* TeamStatController.swift in Sources */,
				F5B8D1C22B96727400D3F230 /* TeamView.swift in Sources */,
				F5B8D1C42B96728500D3F230 /* TeamViewModel.swift in Sources */,
				F5B8D1BF2B96716D00D3F230 /* SettingsManager.swift in Sources */,
				F5B8D1BD2B96710900D3F230 /* URLSessionConfiguration.swift in Sources */,
				F5B8D1AF2B9670F200D3F230 /* beartracks_watchApp.swift in Sources */,
				F5B8D1C92B96779400D3F230 /* LoginView.swift in Sources */,
				F5B8D1BE2B96715500D3F230 /* AppState.swift in Sources */,
				F5BDD40A2B96CD570099C7A7 /* SettingsView.swift in Sources */,
				F5475D922D53CCCE00E81F49 /* PitDataController.swift in Sources */,
			);
			runOnlyForDeploymentPostprocessing = 0;
		};
/* End PBXSourcesBuildPhase section */

/* Begin PBXTargetDependency section */
		F51BC0B22BB71ABB009587C1 /* PBXTargetDependency */ = {
			isa = PBXTargetDependency;
			platformFilter = ios;
			targetProxy = F51BC0B12BB71ABB009587C1 /* PBXContainerItemProxy */;
		};
		F51BC0CE2BB71CB2009587C1 /* PBXTargetDependency */ = {
			isa = PBXTargetDependency;
			platformFilter = ios;
			targetProxy = F51BC0CD2BB71CB2009587C1 /* PBXContainerItemProxy */;
		};
		F51BC0D12BB71CB5009587C1 /* PBXTargetDependency */ = {
			isa = PBXTargetDependency;
			platformFilter = ios;
			target = F51BC0B72BB71AF5009587C1 /* bearTracks Stickers */;
			targetProxy = F51BC0D02BB71CB5009587C1 /* PBXContainerItemProxy */;
		};
		F5B8D1B82B9670F200D3F230 /* PBXTargetDependency */ = {
			isa = PBXTargetDependency;
			platformFilter = ios;
			target = F5B8D1AB2B9670F200D3F230 /* bearTracks Watch App */;
			targetProxy = F5B8D1B72B9670F200D3F230 /* PBXContainerItemProxy */;
		};
/* End PBXTargetDependency section */

/* Begin XCBuildConfiguration section */
		F51BC0C02BB71AF5009587C1 /* Debug */ = {
			isa = XCBuildConfiguration;
			buildSettings = {
				ASSETCATALOG_COMPILER_APPICON_NAME = "iMessage App Icon";
				CLANG_ENABLE_MODULES = YES;
				CODE_SIGN_STYLE = Automatic;
				CURRENT_PROJECT_VERSION = 101;
				DEVELOPMENT_TEAM = D6MFYYVHA8;
				GENERATE_INFOPLIST_FILE = YES;
				INFOPLIST_FILE = "sitckers StickerPackExtension/Info.plist";
				INFOPLIST_KEY_CFBundleDisplayName = bearTracks;
				INFOPLIST_KEY_NSStickerSharingLevel = OS;
				IPHONEOS_DEPLOYMENT_TARGET = 15.0;
				MARKETING_VERSION = 6.0.1;
				PRODUCT_BUNDLE_IDENTIFIER = com.jayagra.beartracks.stickers;
				PRODUCT_NAME = "$(TARGET_NAME)";
				SKIP_INSTALL = YES;
				SWIFT_EMIT_LOC_STRINGS = YES;
				SWIFT_OPTIMIZATION_LEVEL = "-Onone";
				SWIFT_VERSION = 6.0;
				TARGETED_DEVICE_FAMILY = "1,2";
			};
			name = Debug;
		};
		F51BC0C12BB71AF5009587C1 /* Release */ = {
			isa = XCBuildConfiguration;
			buildSettings = {
				ASSETCATALOG_COMPILER_APPICON_NAME = "iMessage App Icon";
				CLANG_ENABLE_MODULES = YES;
				CODE_SIGN_STYLE = Automatic;
				CURRENT_PROJECT_VERSION = 101;
				DEVELOPMENT_TEAM = D6MFYYVHA8;
				GENERATE_INFOPLIST_FILE = YES;
				INFOPLIST_FILE = "sitckers StickerPackExtension/Info.plist";
				INFOPLIST_KEY_CFBundleDisplayName = bearTracks;
				INFOPLIST_KEY_NSStickerSharingLevel = OS;
				IPHONEOS_DEPLOYMENT_TARGET = 15.0;
				MARKETING_VERSION = 6.0.1;
				PRODUCT_BUNDLE_IDENTIFIER = com.jayagra.beartracks.stickers;
				PRODUCT_NAME = "$(TARGET_NAME)";
				SKIP_INSTALL = YES;
				SWIFT_EMIT_LOC_STRINGS = YES;
				SWIFT_VERSION = 6.0;
				TARGETED_DEVICE_FAMILY = "1,2";
			};
			name = Release;
		};
		F53F36462BB74B0A008F196B /* Debug */ = {
			isa = XCBuildConfiguration;
			buildSettings = {
				ASSETCATALOG_COMPILER_APPICON_NAME = "App Icon & Top Shelf Image";
				ASSETCATALOG_COMPILER_GLOBAL_ACCENT_COLOR_NAME = AccentColor;
				CODE_SIGN_STYLE = Automatic;
				CURRENT_PROJECT_VERSION = 101;
				DEVELOPMENT_ASSET_PATHS = "\"beartracks-matches/Preview Content\"";
				DEVELOPMENT_TEAM = D6MFYYVHA8;
				ENABLE_PREVIEWS = YES;
				GENERATE_INFOPLIST_FILE = YES;
				INFOPLIST_KEY_CFBundleDisplayName = bearTracks;
				INFOPLIST_KEY_LSApplicationCategoryType = "public.app-category.productivity";
				INFOPLIST_KEY_UILaunchScreen_Generation = YES;
				INFOPLIST_KEY_UIUserInterfaceStyle = Automatic;
				LD_RUNPATH_SEARCH_PATHS = (
					"$(inherited)",
					"@executable_path/Frameworks",
				);
				MARKETING_VERSION = 6.0.1;
				PRODUCT_BUNDLE_IDENTIFIER = com.jayagra.beartracks;
				PRODUCT_NAME = "$(TARGET_NAME)";
				SDKROOT = appletvos;
				SWIFT_EMIT_LOC_STRINGS = YES;
				SWIFT_VERSION = 5.0;
				TARGETED_DEVICE_FAMILY = 3;
				TVOS_DEPLOYMENT_TARGET = 16.0;
			};
			name = Debug;
		};
		F53F36472BB74B0A008F196B /* Release */ = {
			isa = XCBuildConfiguration;
			buildSettings = {
				ASSETCATALOG_COMPILER_APPICON_NAME = "App Icon & Top Shelf Image";
				ASSETCATALOG_COMPILER_GLOBAL_ACCENT_COLOR_NAME = AccentColor;
				CODE_SIGN_STYLE = Automatic;
				CURRENT_PROJECT_VERSION = 101;
				DEVELOPMENT_ASSET_PATHS = "\"beartracks-matches/Preview Content\"";
				DEVELOPMENT_TEAM = D6MFYYVHA8;
				ENABLE_PREVIEWS = YES;
				GENERATE_INFOPLIST_FILE = YES;
				INFOPLIST_KEY_CFBundleDisplayName = bearTracks;
				INFOPLIST_KEY_LSApplicationCategoryType = "public.app-category.productivity";
				INFOPLIST_KEY_UILaunchScreen_Generation = YES;
				INFOPLIST_KEY_UIUserInterfaceStyle = Automatic;
				LD_RUNPATH_SEARCH_PATHS = (
					"$(inherited)",
					"@executable_path/Frameworks",
				);
				MARKETING_VERSION = 6.0.1;
				PRODUCT_BUNDLE_IDENTIFIER = com.jayagra.beartracks;
				PRODUCT_NAME = "$(TARGET_NAME)";
				SDKROOT = appletvos;
				SWIFT_EMIT_LOC_STRINGS = YES;
				SWIFT_VERSION = 5.0;
				TARGETED_DEVICE_FAMILY = 3;
				TVOS_DEPLOYMENT_TARGET = 16.0;
			};
			name = Release;
		};
		F54E76CA2B527D97003C65A2 /* Debug */ = {
			isa = XCBuildConfiguration;
			buildSettings = {
				ALWAYS_SEARCH_USER_PATHS = NO;
				ASSETCATALOG_COMPILER_GENERATE_SWIFT_ASSET_SYMBOL_EXTENSIONS = YES;
				CLANG_ANALYZER_NONNULL = YES;
				CLANG_ANALYZER_NUMBER_OBJECT_CONVERSION = YES_AGGRESSIVE;
				CLANG_CXX_LANGUAGE_STANDARD = "gnu++20";
				CLANG_ENABLE_MODULES = YES;
				CLANG_ENABLE_OBJC_ARC = YES;
				CLANG_ENABLE_OBJC_WEAK = YES;
				CLANG_WARN_BLOCK_CAPTURE_AUTORELEASING = YES;
				CLANG_WARN_BOOL_CONVERSION = YES;
				CLANG_WARN_COMMA = YES;
				CLANG_WARN_CONSTANT_CONVERSION = YES;
				CLANG_WARN_DEPRECATED_OBJC_IMPLEMENTATIONS = YES;
				CLANG_WARN_DIRECT_OBJC_ISA_USAGE = YES_ERROR;
				CLANG_WARN_DOCUMENTATION_COMMENTS = YES;
				CLANG_WARN_EMPTY_BODY = YES;
				CLANG_WARN_ENUM_CONVERSION = YES;
				CLANG_WARN_INFINITE_RECURSION = YES;
				CLANG_WARN_INT_CONVERSION = YES;
				CLANG_WARN_NON_LITERAL_NULL_CONVERSION = YES;
				CLANG_WARN_OBJC_IMPLICIT_RETAIN_SELF = YES;
				CLANG_WARN_OBJC_LITERAL_CONVERSION = YES;
				CLANG_WARN_OBJC_ROOT_CLASS = YES_ERROR;
				CLANG_WARN_QUOTED_INCLUDE_IN_FRAMEWORK_HEADER = YES;
				CLANG_WARN_RANGE_LOOP_ANALYSIS = YES;
				CLANG_WARN_STRICT_PROTOTYPES = YES;
				CLANG_WARN_SUSPICIOUS_MOVE = YES;
				CLANG_WARN_UNGUARDED_AVAILABILITY = YES_AGGRESSIVE;
				CLANG_WARN_UNREACHABLE_CODE = YES;
				CLANG_WARN__DUPLICATE_METHOD_MATCH = YES;
				COPY_PHASE_STRIP = NO;
				DEBUG_INFORMATION_FORMAT = dwarf;
				ENABLE_STRICT_OBJC_MSGSEND = YES;
				ENABLE_TESTABILITY = YES;
				ENABLE_USER_SCRIPT_SANDBOXING = YES;
				GCC_C_LANGUAGE_STANDARD = gnu17;
				GCC_DYNAMIC_NO_PIC = NO;
				GCC_NO_COMMON_BLOCKS = YES;
				GCC_OPTIMIZATION_LEVEL = 0;
				GCC_PREPROCESSOR_DEFINITIONS = (
					"DEBUG=1",
					"$(inherited)",
				);
				GCC_WARN_64_TO_32_BIT_CONVERSION = YES;
				GCC_WARN_ABOUT_RETURN_TYPE = YES_ERROR;
				GCC_WARN_UNDECLARED_SELECTOR = YES;
				GCC_WARN_UNINITIALIZED_AUTOS = YES_AGGRESSIVE;
				GCC_WARN_UNUSED_FUNCTION = YES;
				GCC_WARN_UNUSED_VARIABLE = YES;
				IPHONEOS_DEPLOYMENT_TARGET = 15.0;
				LOCALIZATION_PREFERS_STRING_CATALOGS = YES;
				MTL_ENABLE_DEBUG_INFO = INCLUDE_SOURCE;
				MTL_FAST_MATH = YES;
				ONLY_ACTIVE_ARCH = YES;
				SDKROOT = iphoneos;
				SWIFT_ACTIVE_COMPILATION_CONDITIONS = "DEBUG $(inherited)";
				SWIFT_OPTIMIZATION_LEVEL = "-Onone";
			};
			name = Debug;
		};
		F54E76CB2B527D97003C65A2 /* Release */ = {
			isa = XCBuildConfiguration;
			buildSettings = {
				ALWAYS_SEARCH_USER_PATHS = NO;
				ASSETCATALOG_COMPILER_GENERATE_SWIFT_ASSET_SYMBOL_EXTENSIONS = YES;
				CLANG_ANALYZER_NONNULL = YES;
				CLANG_ANALYZER_NUMBER_OBJECT_CONVERSION = YES_AGGRESSIVE;
				CLANG_CXX_LANGUAGE_STANDARD = "gnu++20";
				CLANG_ENABLE_MODULES = YES;
				CLANG_ENABLE_OBJC_ARC = YES;
				CLANG_ENABLE_OBJC_WEAK = YES;
				CLANG_WARN_BLOCK_CAPTURE_AUTORELEASING = YES;
				CLANG_WARN_BOOL_CONVERSION = YES;
				CLANG_WARN_COMMA = YES;
				CLANG_WARN_CONSTANT_CONVERSION = YES;
				CLANG_WARN_DEPRECATED_OBJC_IMPLEMENTATIONS = YES;
				CLANG_WARN_DIRECT_OBJC_ISA_USAGE = YES_ERROR;
				CLANG_WARN_DOCUMENTATION_COMMENTS = YES;
				CLANG_WARN_EMPTY_BODY = YES;
				CLANG_WARN_ENUM_CONVERSION = YES;
				CLANG_WARN_INFINITE_RECURSION = YES;
				CLANG_WARN_INT_CONVERSION = YES;
				CLANG_WARN_NON_LITERAL_NULL_CONVERSION = YES;
				CLANG_WARN_OBJC_IMPLICIT_RETAIN_SELF = YES;
				CLANG_WARN_OBJC_LITERAL_CONVERSION = YES;
				CLANG_WARN_OBJC_ROOT_CLASS = YES_ERROR;
				CLANG_WARN_QUOTED_INCLUDE_IN_FRAMEWORK_HEADER = YES;
				CLANG_WARN_RANGE_LOOP_ANALYSIS = YES;
				CLANG_WARN_STRICT_PROTOTYPES = YES;
				CLANG_WARN_SUSPICIOUS_MOVE = YES;
				CLANG_WARN_UNGUARDED_AVAILABILITY = YES_AGGRESSIVE;
				CLANG_WARN_UNREACHABLE_CODE = YES;
				CLANG_WARN__DUPLICATE_METHOD_MATCH = YES;
				COPY_PHASE_STRIP = NO;
				DEBUG_INFORMATION_FORMAT = "dwarf-with-dsym";
				ENABLE_NS_ASSERTIONS = NO;
				ENABLE_STRICT_OBJC_MSGSEND = YES;
				ENABLE_USER_SCRIPT_SANDBOXING = YES;
				GCC_C_LANGUAGE_STANDARD = gnu17;
				GCC_NO_COMMON_BLOCKS = YES;
				GCC_WARN_64_TO_32_BIT_CONVERSION = YES;
				GCC_WARN_ABOUT_RETURN_TYPE = YES_ERROR;
				GCC_WARN_UNDECLARED_SELECTOR = YES;
				GCC_WARN_UNINITIALIZED_AUTOS = YES_AGGRESSIVE;
				GCC_WARN_UNUSED_FUNCTION = YES;
				GCC_WARN_UNUSED_VARIABLE = YES;
				IPHONEOS_DEPLOYMENT_TARGET = 15.0;
				LOCALIZATION_PREFERS_STRING_CATALOGS = YES;
				MTL_ENABLE_DEBUG_INFO = NO;
				MTL_FAST_MATH = YES;
				SDKROOT = iphoneos;
				SWIFT_COMPILATION_MODE = wholemodule;
				VALIDATE_PRODUCT = YES;
			};
			name = Release;
		};
		F54E76CD2B527D97003C65A2 /* Debug */ = {
			isa = XCBuildConfiguration;
			buildSettings = {
				ASSETCATALOG_COMPILER_APPICON_NAME = AppIcon;
				ASSETCATALOG_COMPILER_GLOBAL_ACCENT_COLOR_NAME = AccentColor;
				CODE_SIGN_ENTITLEMENTS = bearTracks/bearTracks.entitlements;
				"CODE_SIGN_IDENTITY[sdk=macosx*]" = "Apple Development";
				CODE_SIGN_STYLE = Automatic;
				CURRENT_PROJECT_VERSION = 101;
				DEVELOPMENT_ASSET_PATHS = "\"bearTracks/Preview Content\"";
				DEVELOPMENT_TEAM = D6MFYYVHA8;
				ENABLE_PREVIEWS = YES;
				GENERATE_INFOPLIST_FILE = YES;
				INFOPLIST_FILE = bearTracks/Info.plist;
				INFOPLIST_KEY_CFBundleDisplayName = bearTracks;
				INFOPLIST_KEY_LSApplicationCategoryType = "public.app-category.productivity";
				INFOPLIST_KEY_NSHumanReadableCopyright = "Copyright © 2024 Jayen Agrawal. All rights reserved.";
				INFOPLIST_KEY_UIApplicationSupportsIndirectInputEvents = YES;
				INFOPLIST_KEY_UILaunchScreen_Generation = YES;
				INFOPLIST_KEY_UILaunchStoryboardName = "";
				INFOPLIST_KEY_UIRequiresFullScreen = YES;
				INFOPLIST_KEY_UIStatusBarStyle = "";
				INFOPLIST_KEY_UISupportedInterfaceOrientations = UIInterfaceOrientationPortrait;
				INFOPLIST_KEY_UISupportedInterfaceOrientations_iPad = "UIInterfaceOrientationLandscapeLeft UIInterfaceOrientationLandscapeRight";
				IPHONEOS_DEPLOYMENT_TARGET = 15.0;
				LD_RUNPATH_SEARCH_PATHS = (
					"$(inherited)",
					"@executable_path/Frameworks",
				);
				MARKETING_VERSION = 6.0.1;
				PRODUCT_BUNDLE_IDENTIFIER = com.jayagra.beartracks;
				PRODUCT_NAME = "$(TARGET_NAME)";
				SDKROOT = xros;
				SUPPORTED_PLATFORMS = "iphoneos iphonesimulator xros xrsimulator";
				SUPPORTS_MACCATALYST = YES;
				SUPPORTS_MAC_DESIGNED_FOR_IPHONE_IPAD = NO;
				SUPPORTS_XR_DESIGNED_FOR_IPHONE_IPAD = NO;
				SWIFT_EMIT_LOC_STRINGS = YES;
				SWIFT_VERSION = 5.0;
				TARGETED_DEVICE_FAMILY = "1,2,6,7";
				TVOS_DEPLOYMENT_TARGET = 17.0;
			};
			name = Debug;
		};
		F54E76CE2B527D97003C65A2 /* Release */ = {
			isa = XCBuildConfiguration;
			buildSettings = {
				ASSETCATALOG_COMPILER_APPICON_NAME = AppIcon;
				ASSETCATALOG_COMPILER_GLOBAL_ACCENT_COLOR_NAME = AccentColor;
				CODE_SIGN_ENTITLEMENTS = bearTracks/bearTracks.entitlements;
				"CODE_SIGN_IDENTITY[sdk=macosx*]" = "Apple Development";
				CODE_SIGN_STYLE = Automatic;
				CURRENT_PROJECT_VERSION = 101;
				DEVELOPMENT_ASSET_PATHS = "\"bearTracks/Preview Content\"";
				DEVELOPMENT_TEAM = D6MFYYVHA8;
				ENABLE_PREVIEWS = YES;
				GENERATE_INFOPLIST_FILE = YES;
				INFOPLIST_FILE = bearTracks/Info.plist;
				INFOPLIST_KEY_CFBundleDisplayName = bearTracks;
				INFOPLIST_KEY_LSApplicationCategoryType = "public.app-category.productivity";
				INFOPLIST_KEY_NSHumanReadableCopyright = "Copyright © 2024 Jayen Agrawal. All rights reserved.";
				INFOPLIST_KEY_UIApplicationSupportsIndirectInputEvents = YES;
				INFOPLIST_KEY_UILaunchScreen_Generation = YES;
				INFOPLIST_KEY_UILaunchStoryboardName = "";
				INFOPLIST_KEY_UIRequiresFullScreen = YES;
				INFOPLIST_KEY_UIStatusBarStyle = "";
				INFOPLIST_KEY_UISupportedInterfaceOrientations = UIInterfaceOrientationPortrait;
				INFOPLIST_KEY_UISupportedInterfaceOrientations_iPad = "UIInterfaceOrientationLandscapeLeft UIInterfaceOrientationLandscapeRight";
				IPHONEOS_DEPLOYMENT_TARGET = 15.0;
				LD_RUNPATH_SEARCH_PATHS = (
					"$(inherited)",
					"@executable_path/Frameworks",
				);
				MARKETING_VERSION = 6.0.1;
				PRODUCT_BUNDLE_IDENTIFIER = com.jayagra.beartracks;
				PRODUCT_NAME = "$(TARGET_NAME)";
				SDKROOT = xros;
				SUPPORTED_PLATFORMS = "iphoneos iphonesimulator xros xrsimulator";
				SUPPORTS_MACCATALYST = YES;
				SUPPORTS_MAC_DESIGNED_FOR_IPHONE_IPAD = NO;
				SUPPORTS_XR_DESIGNED_FOR_IPHONE_IPAD = NO;
				SWIFT_EMIT_LOC_STRINGS = YES;
				SWIFT_VERSION = 5.0;
				TARGETED_DEVICE_FAMILY = "1,2,6,7";
				TVOS_DEPLOYMENT_TARGET = 17.0;
			};
			name = Release;
		};
		F5B8D1BA2B9670F200D3F230 /* Debug */ = {
			isa = XCBuildConfiguration;
			buildSettings = {
				ASSETCATALOG_COMPILER_APPICON_NAME = AppIcon;
				ASSETCATALOG_COMPILER_GLOBAL_ACCENT_COLOR_NAME = AccentColor;
				CODE_SIGN_ENTITLEMENTS = "beartracks-watch Watch App/beartracks-watch Watch App.entitlements";
				CODE_SIGN_STYLE = Automatic;
				CURRENT_PROJECT_VERSION = 101;
				DEVELOPMENT_ASSET_PATHS = "\"beartracks-watch Watch App/Preview Content\"";
				DEVELOPMENT_TEAM = D6MFYYVHA8;
				ENABLE_PREVIEWS = YES;
				GENERATE_INFOPLIST_FILE = YES;
				INFOPLIST_FILE = "beartracks-watch-Watch-App-Info.plist";
				INFOPLIST_KEY_CFBundleDisplayName = bearTracks;
				INFOPLIST_KEY_UISupportedInterfaceOrientations = "UIInterfaceOrientationPortrait UIInterfaceOrientationPortraitUpsideDown";
				INFOPLIST_KEY_WKCompanionAppBundleIdentifier = com.jayagra.beartracks;
				LD_RUNPATH_SEARCH_PATHS = (
					"$(inherited)",
					"@executable_path/Frameworks",
				);
				MARKETING_VERSION = 6.0.1;
				PRODUCT_BUNDLE_IDENTIFIER = com.jayagra.beartracks.watchkitapp;
				PRODUCT_NAME = "$(TARGET_NAME)";
				SDKROOT = watchos;
				SKIP_INSTALL = YES;
				SWIFT_EMIT_LOC_STRINGS = YES;
				SWIFT_VERSION = 5.0;
				TARGETED_DEVICE_FAMILY = 4;
				WATCHOS_DEPLOYMENT_TARGET = 9.0;
			};
			name = Debug;
		};
		F5B8D1BB2B9670F200D3F230 /* Release */ = {
			isa = XCBuildConfiguration;
			buildSettings = {
				ASSETCATALOG_COMPILER_APPICON_NAME = AppIcon;
				ASSETCATALOG_COMPILER_GLOBAL_ACCENT_COLOR_NAME = AccentColor;
				CODE_SIGN_ENTITLEMENTS = "beartracks-watch Watch App/beartracks-watch Watch App.entitlements";
				CODE_SIGN_STYLE = Automatic;
				CURRENT_PROJECT_VERSION = 101;
				DEVELOPMENT_ASSET_PATHS = "\"beartracks-watch Watch App/Preview Content\"";
				DEVELOPMENT_TEAM = D6MFYYVHA8;
				ENABLE_PREVIEWS = YES;
				GENERATE_INFOPLIST_FILE = YES;
				INFOPLIST_FILE = "beartracks-watch-Watch-App-Info.plist";
				INFOPLIST_KEY_CFBundleDisplayName = bearTracks;
				INFOPLIST_KEY_UISupportedInterfaceOrientations = "UIInterfaceOrientationPortrait UIInterfaceOrientationPortraitUpsideDown";
				INFOPLIST_KEY_WKCompanionAppBundleIdentifier = com.jayagra.beartracks;
				LD_RUNPATH_SEARCH_PATHS = (
					"$(inherited)",
					"@executable_path/Frameworks",
				);
				MARKETING_VERSION = 6.0.1;
				PRODUCT_BUNDLE_IDENTIFIER = com.jayagra.beartracks.watchkitapp;
				PRODUCT_NAME = "$(TARGET_NAME)";
				SDKROOT = watchos;
				SKIP_INSTALL = YES;
				SWIFT_EMIT_LOC_STRINGS = YES;
				SWIFT_VERSION = 5.0;
				TARGETED_DEVICE_FAMILY = 4;
				WATCHOS_DEPLOYMENT_TARGET = 9.0;
			};
			name = Release;
		};
/* End XCBuildConfiguration section */

/* Begin XCConfigurationList section */
		F51BC0BF2BB71AF5009587C1 /* Build configuration list for PBXNativeTarget "bearTracks Stickers" */ = {
			isa = XCConfigurationList;
			buildConfigurations = (
				F51BC0C02BB71AF5009587C1 /* Debug */,
				F51BC0C12BB71AF5009587C1 /* Release */,
			);
			defaultConfigurationIsVisible = 0;
			defaultConfigurationName = Release;
		};
		F53F36482BB74B0A008F196B /* Build configuration list for PBXNativeTarget "bearTracks TV" */ = {
			isa = XCConfigurationList;
			buildConfigurations = (
				F53F36462BB74B0A008F196B /* Debug */,
				F53F36472BB74B0A008F196B /* Release */,
			);
			defaultConfigurationIsVisible = 0;
			defaultConfigurationName = Release;
		};
		F54E76B92B527D96003C65A2 /* Build configuration list for PBXProject "bearTracks" */ = {
			isa = XCConfigurationList;
			buildConfigurations = (
				F54E76CA2B527D97003C65A2 /* Debug */,
				F54E76CB2B527D97003C65A2 /* Release */,
			);
			defaultConfigurationIsVisible = 0;
			defaultConfigurationName = Release;
		};
		F54E76CC2B527D97003C65A2 /* Build configuration list for PBXNativeTarget "bearTracks" */ = {
			isa = XCConfigurationList;
			buildConfigurations = (
				F54E76CD2B527D97003C65A2 /* Debug */,
				F54E76CE2B527D97003C65A2 /* Release */,
			);
			defaultConfigurationIsVisible = 0;
			defaultConfigurationName = Release;
		};
		F5B8D1BC2B9670F200D3F230 /* Build configuration list for PBXNativeTarget "bearTracks Watch App" */ = {
			isa = XCConfigurationList;
			buildConfigurations = (
				F5B8D1BA2B9670F200D3F230 /* Debug */,
				F5B8D1BB2B9670F200D3F230 /* Release */,
			);
			defaultConfigurationIsVisible = 0;
			defaultConfigurationName = Release;
		};
/* End XCConfigurationList section */
	};
	rootObject = F54E76B62B527D96003C65A2 /* Project object */;
}
