// !$*UTF8*$!
{
	archiveVersion = 1;
	classes = {
	};
	objectVersion = 56;
	objects = {

/* Begin PBXBuildFile section */
		F520BC412B5774300073A20F /* UsersView.swift in Sources */ = {isa = PBXBuildFile; fileRef = F520BC402B5774300073A20F /* UsersView.swift */; };
		F520BC432B5774660073A20F /* UsersViewModel.swift in Sources */ = {isa = PBXBuildFile; fileRef = F520BC422B5774660073A20F /* UsersViewModel.swift */; };
		F54A8D202B55A42F005975A2 /* LoginStateValidator.swift in Sources */ = {isa = PBXBuildFile; fileRef = F54A8D1F2B55A42F005975A2 /* LoginStateValidator.swift */; };
		F54A8D222B55A44C005975A2 /* URLSessionConfiguration.swift in Sources */ = {isa = PBXBuildFile; fileRef = F54A8D212B55A44C005975A2 /* URLSessionConfiguration.swift */; };
		F54A8D242B55A463005975A2 /* LoginView.swift in Sources */ = {isa = PBXBuildFile; fileRef = F54A8D232B55A463005975A2 /* LoginView.swift */; };
		F54A8D262B55A4ED005975A2 /* TabBarView.swift in Sources */ = {isa = PBXBuildFile; fileRef = F54A8D252B55A4ED005975A2 /* TabBarView.swift */; };
		F54A8D282B55AA3C005975A2 /* DataView.swift in Sources */ = {isa = PBXBuildFile; fileRef = F54A8D272B55AA3C005975A2 /* DataView.swift */; };
		F54A8D2A2B55AA4E005975A2 /* DataViewModel.swift in Sources */ = {isa = PBXBuildFile; fileRef = F54A8D292B55AA4E005975A2 /* DataViewModel.swift */; };
		F54A8D2C2B55AA65005975A2 /* DetailedView.swift in Sources */ = {isa = PBXBuildFile; fileRef = F54A8D2B2B55AA65005975A2 /* DetailedView.swift */; };
		F56550362B8EB67200369927 /* WidgetKit.framework in Frameworks */ = {isa = PBXBuildFile; fileRef = F59236D22B8EA7C3005AFC6E /* WidgetKit.framework */; };
		F56550372B8EB67200369927 /* SwiftUI.framework in Frameworks */ = {isa = PBXBuildFile; fileRef = F59236D42B8EA7C3005AFC6E /* SwiftUI.framework */; };
		F565503A2B8EB67200369927 /* SystemStatusBundle.swift in Sources */ = {isa = PBXBuildFile; fileRef = F56550392B8EB67200369927 /* SystemStatusBundle.swift */; };
		F565503C2B8EB67200369927 /* SystemStatusLiveActivity.swift in Sources */ = {isa = PBXBuildFile; fileRef = F565503B2B8EB67200369927 /* SystemStatusLiveActivity.swift */; };
		F56550402B8EB67300369927 /* Assets.xcassets in Resources */ = {isa = PBXBuildFile; fileRef = F565503F2B8EB67300369927 /* Assets.xcassets */; };
		F56550442B8EB67300369927 /* SystemStatusExtension.appex in Embed Foundation Extensions */ = {isa = PBXBuildFile; fileRef = F56550352B8EB67200369927 /* SystemStatusExtension.appex */; settings = {ATTRIBUTES = (RemoveHeadersOnCopy, ); }; };
		F56550482B8EB9A100369927 /* SystemStatusLiveActivity.swift in Sources */ = {isa = PBXBuildFile; fileRef = F565503B2B8EB67200369927 /* SystemStatusLiveActivity.swift */; };
		F58BA8A92B57835100807838 /* TeamsView.swift in Sources */ = {isa = PBXBuildFile; fileRef = F58BA8A82B57835100807838 /* TeamsView.swift */; };
		F58BA8AB2B57835A00807838 /* TeamsViewModel.swift in Sources */ = {isa = PBXBuildFile; fileRef = F58BA8AA2B57835A00807838 /* TeamsViewModel.swift */; };
		F58BA8AD2B57878100807838 /* CreateKeyView.swift in Sources */ = {isa = PBXBuildFile; fileRef = F58BA8AC2B57878100807838 /* CreateKeyView.swift */; };
		F5CF31272B55A3DA00BA58EF /* beartracks_manageApp.swift in Sources */ = {isa = PBXBuildFile; fileRef = F5CF31262B55A3DA00BA58EF /* beartracks_manageApp.swift */; };
		F5CF31292B55A3DA00BA58EF /* SettingsView.swift in Sources */ = {isa = PBXBuildFile; fileRef = F5CF31282B55A3DA00BA58EF /* SettingsView.swift */; };
		F5CF312B2B55A3DB00BA58EF /* Assets.xcassets in Resources */ = {isa = PBXBuildFile; fileRef = F5CF312A2B55A3DB00BA58EF /* Assets.xcassets */; };
		F5CF312E2B55A3DB00BA58EF /* Preview Assets.xcassets in Resources */ = {isa = PBXBuildFile; fileRef = F5CF312D2B55A3DB00BA58EF /* Preview Assets.xcassets */; };
/* End PBXBuildFile section */

/* Begin PBXContainerItemProxy section */
		F56550422B8EB67300369927 /* PBXContainerItemProxy */ = {
			isa = PBXContainerItemProxy;
			containerPortal = F5CF311B2B55A3DA00BA58EF /* Project object */;
			proxyType = 1;
			remoteGlobalIDString = F56550342B8EB67200369927;
			remoteInfo = SystemStatusExtension;
		};
/* End PBXContainerItemProxy section */

/* Begin PBXCopyFilesBuildPhase section */
		F59236E32B8EA7C4005AFC6E /* Embed Foundation Extensions */ = {
			isa = PBXCopyFilesBuildPhase;
			buildActionMask = 2147483647;
			dstPath = "";
			dstSubfolderSpec = 13;
			files = (
				F56550442B8EB67300369927 /* SystemStatusExtension.appex in Embed Foundation Extensions */,
			);
			name = "Embed Foundation Extensions";
			runOnlyForDeploymentPostprocessing = 0;
		};
/* End PBXCopyFilesBuildPhase section */

/* Begin PBXFileReference section */
		F520BC402B5774300073A20F /* UsersView.swift */ = {isa = PBXFileReference; lastKnownFileType = sourcecode.swift; path = UsersView.swift; sourceTree = "<group>"; };
		F520BC422B5774660073A20F /* UsersViewModel.swift */ = {isa = PBXFileReference; lastKnownFileType = sourcecode.swift; path = UsersViewModel.swift; sourceTree = "<group>"; };
		F54A8D1F2B55A42F005975A2 /* LoginStateValidator.swift */ = {isa = PBXFileReference; lastKnownFileType = sourcecode.swift; path = LoginStateValidator.swift; sourceTree = "<group>"; };
		F54A8D212B55A44C005975A2 /* URLSessionConfiguration.swift */ = {isa = PBXFileReference; lastKnownFileType = sourcecode.swift; path = URLSessionConfiguration.swift; sourceTree = "<group>"; };
		F54A8D232B55A463005975A2 /* LoginView.swift */ = {isa = PBXFileReference; lastKnownFileType = sourcecode.swift; path = LoginView.swift; sourceTree = "<group>"; };
		F54A8D252B55A4ED005975A2 /* TabBarView.swift */ = {isa = PBXFileReference; lastKnownFileType = sourcecode.swift; path = TabBarView.swift; sourceTree = "<group>"; };
		F54A8D272B55AA3C005975A2 /* DataView.swift */ = {isa = PBXFileReference; lastKnownFileType = sourcecode.swift; path = DataView.swift; sourceTree = "<group>"; };
		F54A8D292B55AA4E005975A2 /* DataViewModel.swift */ = {isa = PBXFileReference; lastKnownFileType = sourcecode.swift; path = DataViewModel.swift; sourceTree = "<group>"; };
		F54A8D2B2B55AA65005975A2 /* DetailedView.swift */ = {isa = PBXFileReference; lastKnownFileType = sourcecode.swift; path = DetailedView.swift; sourceTree = "<group>"; };
		F56550352B8EB67200369927 /* SystemStatusExtension.appex */ = {isa = PBXFileReference; explicitFileType = "wrapper.app-extension"; includeInIndex = 0; path = SystemStatusExtension.appex; sourceTree = BUILT_PRODUCTS_DIR; };
		F56550392B8EB67200369927 /* SystemStatusBundle.swift */ = {isa = PBXFileReference; lastKnownFileType = sourcecode.swift; path = SystemStatusBundle.swift; sourceTree = "<group>"; };
		F565503B2B8EB67200369927 /* SystemStatusLiveActivity.swift */ = {isa = PBXFileReference; lastKnownFileType = sourcecode.swift; path = SystemStatusLiveActivity.swift; sourceTree = "<group>"; };
		F565503F2B8EB67300369927 /* Assets.xcassets */ = {isa = PBXFileReference; lastKnownFileType = folder.assetcatalog; path = Assets.xcassets; sourceTree = "<group>"; };
		F56550412B8EB67300369927 /* Info.plist */ = {isa = PBXFileReference; lastKnownFileType = text.plist.xml; path = Info.plist; sourceTree = "<group>"; };
		F58BA8A82B57835100807838 /* TeamsView.swift */ = {isa = PBXFileReference; lastKnownFileType = sourcecode.swift; path = TeamsView.swift; sourceTree = "<group>"; };
		F58BA8AA2B57835A00807838 /* TeamsViewModel.swift */ = {isa = PBXFileReference; lastKnownFileType = sourcecode.swift; path = TeamsViewModel.swift; sourceTree = "<group>"; };
		F58BA8AC2B57878100807838 /* CreateKeyView.swift */ = {isa = PBXFileReference; lastKnownFileType = sourcecode.swift; path = CreateKeyView.swift; sourceTree = "<group>"; };
		F59236D22B8EA7C3005AFC6E /* WidgetKit.framework */ = {isa = PBXFileReference; lastKnownFileType = wrapper.framework; name = WidgetKit.framework; path = System/Library/Frameworks/WidgetKit.framework; sourceTree = SDKROOT; };
		F59236D42B8EA7C3005AFC6E /* SwiftUI.framework */ = {isa = PBXFileReference; lastKnownFileType = wrapper.framework; name = SwiftUI.framework; path = System/Library/Frameworks/SwiftUI.framework; sourceTree = SDKROOT; };
		F59236EB2B8EABF0005AFC6E /* Info.plist */ = {isa = PBXFileReference; lastKnownFileType = text.plist; path = Info.plist; sourceTree = "<group>"; };
		F5CF31232B55A3DA00BA58EF /* beartracks-manage.app */ = {isa = PBXFileReference; explicitFileType = wrapper.application; includeInIndex = 0; path = "beartracks-manage.app"; sourceTree = BUILT_PRODUCTS_DIR; };
		F5CF31262B55A3DA00BA58EF /* beartracks_manageApp.swift */ = {isa = PBXFileReference; lastKnownFileType = sourcecode.swift; path = beartracks_manageApp.swift; sourceTree = "<group>"; };
		F5CF31282B55A3DA00BA58EF /* SettingsView.swift */ = {isa = PBXFileReference; lastKnownFileType = sourcecode.swift; path = SettingsView.swift; sourceTree = "<group>"; };
		F5CF312A2B55A3DB00BA58EF /* Assets.xcassets */ = {isa = PBXFileReference; lastKnownFileType = folder.assetcatalog; path = Assets.xcassets; sourceTree = "<group>"; };
		F5CF312D2B55A3DB00BA58EF /* Preview Assets.xcassets */ = {isa = PBXFileReference; lastKnownFileType = folder.assetcatalog; path = "Preview Assets.xcassets"; sourceTree = "<group>"; };
/* End PBXFileReference section */

/* Begin PBXFrameworksBuildPhase section */
		F56550322B8EB67200369927 /* Frameworks */ = {
			isa = PBXFrameworksBuildPhase;
			buildActionMask = 2147483647;
			files = (
				F56550372B8EB67200369927 /* SwiftUI.framework in Frameworks */,
				F56550362B8EB67200369927 /* WidgetKit.framework in Frameworks */,
			);
			runOnlyForDeploymentPostprocessing = 0;
		};
		F5CF31202B55A3DA00BA58EF /* Frameworks */ = {
			isa = PBXFrameworksBuildPhase;
			buildActionMask = 2147483647;
			files = (
			);
			runOnlyForDeploymentPostprocessing = 0;
		};
/* End PBXFrameworksBuildPhase section */

/* Begin PBXGroup section */
		F56550382B8EB67200369927 /* SystemStatus */ = {
			isa = PBXGroup;
			children = (
				F56550392B8EB67200369927 /* SystemStatusBundle.swift */,
				F565503B2B8EB67200369927 /* SystemStatusLiveActivity.swift */,
				F565503F2B8EB67300369927 /* Assets.xcassets */,
				F56550412B8EB67300369927 /* Info.plist */,
			);
			path = SystemStatus;
			sourceTree = "<group>";
		};
		F59236D12B8EA7C3005AFC6E /* Frameworks */ = {
			isa = PBXGroup;
			children = (
				F59236D22B8EA7C3005AFC6E /* WidgetKit.framework */,
				F59236D42B8EA7C3005AFC6E /* SwiftUI.framework */,
			);
			name = Frameworks;
			sourceTree = "<group>";
		};
		F5CF311A2B55A3DA00BA58EF = {
			isa = PBXGroup;
			children = (
				F5CF31252B55A3DA00BA58EF /* beartracks-manage */,
				F56550382B8EB67200369927 /* SystemStatus */,
				F59236D12B8EA7C3005AFC6E /* Frameworks */,
				F5CF31242B55A3DA00BA58EF /* Products */,
			);
			sourceTree = "<group>";
		};
		F5CF31242B55A3DA00BA58EF /* Products */ = {
			isa = PBXGroup;
			children = (
				F5CF31232B55A3DA00BA58EF /* beartracks-manage.app */,
				F56550352B8EB67200369927 /* SystemStatusExtension.appex */,
			);
			name = Products;
			sourceTree = "<group>";
		};
		F5CF31252B55A3DA00BA58EF /* beartracks-manage */ = {
			isa = PBXGroup;
			children = (
				F59236EB2B8EABF0005AFC6E /* Info.plist */,
				F5CF31262B55A3DA00BA58EF /* beartracks_manageApp.swift */,
				F5CF31282B55A3DA00BA58EF /* SettingsView.swift */,
				F58BA8AC2B57878100807838 /* CreateKeyView.swift */,
				F54A8D272B55AA3C005975A2 /* DataView.swift */,
				F54A8D292B55AA4E005975A2 /* DataViewModel.swift */,
				F54A8D2B2B55AA65005975A2 /* DetailedView.swift */,
				F54A8D1F2B55A42F005975A2 /* LoginStateValidator.swift */,
				F54A8D232B55A463005975A2 /* LoginView.swift */,
				F54A8D252B55A4ED005975A2 /* TabBarView.swift */,
				F58BA8A82B57835100807838 /* TeamsView.swift */,
				F58BA8AA2B57835A00807838 /* TeamsViewModel.swift */,
				F54A8D212B55A44C005975A2 /* URLSessionConfiguration.swift */,
				F520BC402B5774300073A20F /* UsersView.swift */,
				F520BC422B5774660073A20F /* UsersViewModel.swift */,
				F5CF312A2B55A3DB00BA58EF /* Assets.xcassets */,
				F5CF312C2B55A3DB00BA58EF /* Preview Content */,
			);
			path = "beartracks-manage";
			sourceTree = "<group>";
		};
		F5CF312C2B55A3DB00BA58EF /* Preview Content */ = {
			isa = PBXGroup;
			children = (
				F5CF312D2B55A3DB00BA58EF /* Preview Assets.xcassets */,
			);
			path = "Preview Content";
			sourceTree = "<group>";
		};
/* End PBXGroup section */

/* Begin PBXNativeTarget section */
		F56550342B8EB67200369927 /* SystemStatusExtension */ = {
			isa = PBXNativeTarget;
			buildConfigurationList = F56550452B8EB67300369927 /* Build configuration list for PBXNativeTarget "SystemStatusExtension" */;
			buildPhases = (
				F56550312B8EB67200369927 /* Sources */,
				F56550322B8EB67200369927 /* Frameworks */,
				F56550332B8EB67200369927 /* Resources */,
			);
			buildRules = (
			);
			dependencies = (
			);
			name = SystemStatusExtension;
			productName = SystemStatusExtension;
			productReference = F56550352B8EB67200369927 /* SystemStatusExtension.appex */;
			productType = "com.apple.product-type.app-extension";
		};
		F5CF31222B55A3DA00BA58EF /* beartracks-manage */ = {
			isa = PBXNativeTarget;
			buildConfigurationList = F5CF31312B55A3DB00BA58EF /* Build configuration list for PBXNativeTarget "beartracks-manage" */;
			buildPhases = (
				F5CF311F2B55A3DA00BA58EF /* Sources */,
				F5CF31202B55A3DA00BA58EF /* Frameworks */,
				F5CF31212B55A3DA00BA58EF /* Resources */,
				F59236E32B8EA7C4005AFC6E /* Embed Foundation Extensions */,
			);
			buildRules = (
			);
			dependencies = (
				F56550432B8EB67300369927 /* PBXTargetDependency */,
			);
			name = "beartracks-manage";
			productName = "beartracks-manage";
			productReference = F5CF31232B55A3DA00BA58EF /* beartracks-manage.app */;
			productType = "com.apple.product-type.application";
		};
/* End PBXNativeTarget section */

/* Begin PBXProject section */
		F5CF311B2B55A3DA00BA58EF /* Project object */ = {
			isa = PBXProject;
			attributes = {
				BuildIndependentTargetsInParallel = 1;
				LastSwiftUpdateCheck = 1520;
				LastUpgradeCheck = 1520;
				TargetAttributes = {
					F56550342B8EB67200369927 = {
						CreatedOnToolsVersion = 15.2;
					};
					F5CF31222B55A3DA00BA58EF = {
						CreatedOnToolsVersion = 15.2;
					};
				};
			};
			buildConfigurationList = F5CF311E2B55A3DA00BA58EF /* Build configuration list for PBXProject "beartracks-manage" */;
			compatibilityVersion = "Xcode 14.0";
			developmentRegion = en;
			hasScannedForEncodings = 0;
			knownRegions = (
				en,
				Base,
			);
			mainGroup = F5CF311A2B55A3DA00BA58EF;
			productRefGroup = F5CF31242B55A3DA00BA58EF /* Products */;
			projectDirPath = "";
			projectRoot = "";
			targets = (
				F5CF31222B55A3DA00BA58EF /* beartracks-manage */,
				F56550342B8EB67200369927 /* SystemStatusExtension */,
			);
		};
/* End PBXProject section */

/* Begin PBXResourcesBuildPhase section */
		F56550332B8EB67200369927 /* Resources */ = {
			isa = PBXResourcesBuildPhase;
			buildActionMask = 2147483647;
			files = (
				F56550402B8EB67300369927 /* Assets.xcassets in Resources */,
			);
			runOnlyForDeploymentPostprocessing = 0;
		};
		F5CF31212B55A3DA00BA58EF /* Resources */ = {
			isa = PBXResourcesBuildPhase;
			buildActionMask = 2147483647;
			files = (
				F5CF312E2B55A3DB00BA58EF /* Preview Assets.xcassets in Resources */,
				F5CF312B2B55A3DB00BA58EF /* Assets.xcassets in Resources */,
			);
			runOnlyForDeploymentPostprocessing = 0;
		};
/* End PBXResourcesBuildPhase section */

/* Begin PBXSourcesBuildPhase section */
		F56550312B8EB67200369927 /* Sources */ = {
			isa = PBXSourcesBuildPhase;
			buildActionMask = 2147483647;
			files = (
				F565503A2B8EB67200369927 /* SystemStatusBundle.swift in Sources */,
				F565503C2B8EB67200369927 /* SystemStatusLiveActivity.swift in Sources */,
			);
			runOnlyForDeploymentPostprocessing = 0;
		};
		F5CF311F2B55A3DA00BA58EF /* Sources */ = {
			isa = PBXSourcesBuildPhase;
			buildActionMask = 2147483647;
			files = (
				F520BC432B5774660073A20F /* UsersViewModel.swift in Sources */,
				F5CF31292B55A3DA00BA58EF /* SettingsView.swift in Sources */,
				F54A8D2C2B55AA65005975A2 /* DetailedView.swift in Sources */,
				F58BA8A92B57835100807838 /* TeamsView.swift in Sources */,
				F5CF31272B55A3DA00BA58EF /* beartracks_manageApp.swift in Sources */,
				F58BA8AB2B57835A00807838 /* TeamsViewModel.swift in Sources */,
				F54A8D202B55A42F005975A2 /* LoginStateValidator.swift in Sources */,
				F54A8D282B55AA3C005975A2 /* DataView.swift in Sources */,
				F520BC412B5774300073A20F /* UsersView.swift in Sources */,
				F54A8D2A2B55AA4E005975A2 /* DataViewModel.swift in Sources */,
				F54A8D242B55A463005975A2 /* LoginView.swift in Sources */,
				F54A8D262B55A4ED005975A2 /* TabBarView.swift in Sources */,
				F56550482B8EB9A100369927 /* SystemStatusLiveActivity.swift in Sources */,
				F58BA8AD2B57878100807838 /* CreateKeyView.swift in Sources */,
				F54A8D222B55A44C005975A2 /* URLSessionConfiguration.swift in Sources */,
			);
			runOnlyForDeploymentPostprocessing = 0;
		};
/* End PBXSourcesBuildPhase section */

/* Begin PBXTargetDependency section */
		F56550432B8EB67300369927 /* PBXTargetDependency */ = {
			isa = PBXTargetDependency;
			target = F56550342B8EB67200369927 /* SystemStatusExtension */;
			targetProxy = F56550422B8EB67300369927 /* PBXContainerItemProxy */;
		};
/* End PBXTargetDependency section */

/* Begin XCBuildConfiguration section */
		F56550462B8EB67300369927 /* Debug */ = {
			isa = XCBuildConfiguration;
			buildSettings = {
				ASSETCATALOG_COMPILER_GLOBAL_ACCENT_COLOR_NAME = AccentColor;
				ASSETCATALOG_COMPILER_WIDGET_BACKGROUND_COLOR_NAME = WidgetBackground;
				CODE_SIGN_STYLE = Automatic;
				CURRENT_PROJECT_VERSION = 1;
				DEVELOPMENT_TEAM = D6MFYYVHA8;
				GENERATE_INFOPLIST_FILE = YES;
				INFOPLIST_FILE = SystemStatus/Info.plist;
				INFOPLIST_KEY_CFBundleDisplayName = SystemStatus;
				INFOPLIST_KEY_NSHumanReadableCopyright = "";
				INFOPLIST_KEY_NSSupportsLiveActivities = YES;
				LD_RUNPATH_SEARCH_PATHS = (
					"$(inherited)",
					"@executable_path/Frameworks",
					"@executable_path/../../Frameworks",
				);
				MARKETING_VERSION = 1.0;
				PRODUCT_BUNDLE_IDENTIFIER = "com.jayagra.beartracks-manage.SystemStatus";
				PRODUCT_NAME = "$(TARGET_NAME)";
				SKIP_INSTALL = YES;
				SWIFT_EMIT_LOC_STRINGS = YES;
				SWIFT_VERSION = 5.0;
				TARGETED_DEVICE_FAMILY = "1,2";
			};
			name = Debug;
		};
		F56550472B8EB67300369927 /* Release */ = {
			isa = XCBuildConfiguration;
			buildSettings = {
				ASSETCATALOG_COMPILER_GLOBAL_ACCENT_COLOR_NAME = AccentColor;
				ASSETCATALOG_COMPILER_WIDGET_BACKGROUND_COLOR_NAME = WidgetBackground;
				CODE_SIGN_STYLE = Automatic;
				CURRENT_PROJECT_VERSION = 1;
				DEVELOPMENT_TEAM = D6MFYYVHA8;
				GENERATE_INFOPLIST_FILE = YES;
				INFOPLIST_FILE = SystemStatus/Info.plist;
				INFOPLIST_KEY_CFBundleDisplayName = SystemStatus;
				INFOPLIST_KEY_NSHumanReadableCopyright = "";
				INFOPLIST_KEY_NSSupportsLiveActivities = YES;
				LD_RUNPATH_SEARCH_PATHS = (
					"$(inherited)",
					"@executable_path/Frameworks",
					"@executable_path/../../Frameworks",
				);
				MARKETING_VERSION = 1.0;
				PRODUCT_BUNDLE_IDENTIFIER = "com.jayagra.beartracks-manage.SystemStatus";
				PRODUCT_NAME = "$(TARGET_NAME)";
				SKIP_INSTALL = YES;
				SWIFT_EMIT_LOC_STRINGS = YES;
				SWIFT_VERSION = 5.0;
				TARGETED_DEVICE_FAMILY = "1,2";
			};
			name = Release;
		};
		F5CF312F2B55A3DB00BA58EF /* Debug */ = {
			isa = XCBuildConfiguration;
			buildSettings = {
				ALWAYS_SEARCH_USER_PATHS = NO;
				ASSETCATALOG_COMPILER_GENERATE_SWIFT_ASSET_SYMBOL_EXTENSIONS = YES;
				CLANG_ANALYZER_NONNULL = YES;
				CLANG_ANALYZER_NUMBER_OBJECT_CONVERSION = YES_AGGRESSIVE;
				CLANG_CXX_LANGUAGE_STANDARD = "gnu++20";
				CLANG_ENABLE_MODULES = YES;
				CLANG_ENABLE_OBJC_ARC = YES;
				CLANG_ENABLE_OBJC_WEAK = YES;
				CLANG_WARN_BLOCK_CAPTURE_AUTORELEASING = YES;
				CLANG_WARN_BOOL_CONVERSION = YES;
				CLANG_WARN_COMMA = YES;
				CLANG_WARN_CONSTANT_CONVERSION = YES;
				CLANG_WARN_DEPRECATED_OBJC_IMPLEMENTATIONS = YES;
				CLANG_WARN_DIRECT_OBJC_ISA_USAGE = YES_ERROR;
				CLANG_WARN_DOCUMENTATION_COMMENTS = YES;
				CLANG_WARN_EMPTY_BODY = YES;
				CLANG_WARN_ENUM_CONVERSION = YES;
				CLANG_WARN_INFINITE_RECURSION = YES;
				CLANG_WARN_INT_CONVERSION = YES;
				CLANG_WARN_NON_LITERAL_NULL_CONVERSION = YES;
				CLANG_WARN_OBJC_IMPLICIT_RETAIN_SELF = YES;
				CLANG_WARN_OBJC_LITERAL_CONVERSION = YES;
				CLANG_WARN_OBJC_ROOT_CLASS = YES_ERROR;
				CLANG_WARN_QUOTED_INCLUDE_IN_FRAMEWORK_HEADER = YES;
				CLANG_WARN_RANGE_LOOP_ANALYSIS = YES;
				CLANG_WARN_STRICT_PROTOTYPES = YES;
				CLANG_WARN_SUSPICIOUS_MOVE = YES;
				CLANG_WARN_UNGUARDED_AVAILABILITY = YES_AGGRESSIVE;
				CLANG_WARN_UNREACHABLE_CODE = YES;
				CLANG_WARN__DUPLICATE_METHOD_MATCH = YES;
				COPY_PHASE_STRIP = NO;
				DEBUG_INFORMATION_FORMAT = dwarf;
				ENABLE_STRICT_OBJC_MSGSEND = YES;
				ENABLE_TESTABILITY = YES;
				ENABLE_USER_SCRIPT_SANDBOXING = YES;
				GCC_C_LANGUAGE_STANDARD = gnu17;
				GCC_DYNAMIC_NO_PIC = NO;
				GCC_NO_COMMON_BLOCKS = YES;
				GCC_OPTIMIZATION_LEVEL = 0;
				GCC_PREPROCESSOR_DEFINITIONS = (
					"DEBUG=1",
					"$(inherited)",
				);
				GCC_WARN_64_TO_32_BIT_CONVERSION = YES;
				GCC_WARN_ABOUT_RETURN_TYPE = YES_ERROR;
				GCC_WARN_UNDECLARED_SELECTOR = YES;
				GCC_WARN_UNINITIALIZED_AUTOS = YES_AGGRESSIVE;
				GCC_WARN_UNUSED_FUNCTION = YES;
				GCC_WARN_UNUSED_VARIABLE = YES;
				IPHONEOS_DEPLOYMENT_TARGET = 17.2;
				LOCALIZATION_PREFERS_STRING_CATALOGS = YES;
				MTL_ENABLE_DEBUG_INFO = INCLUDE_SOURCE;
				MTL_FAST_MATH = YES;
				ONLY_ACTIVE_ARCH = YES;
				SDKROOT = iphoneos;
				SWIFT_ACTIVE_COMPILATION_CONDITIONS = "DEBUG $(inherited)";
				SWIFT_OPTIMIZATION_LEVEL = "-Onone";
			};
			name = Debug;
		};
		F5CF31302B55A3DB00BA58EF /* Release */ = {
			isa = XCBuildConfiguration;
			buildSettings = {
				ALWAYS_SEARCH_USER_PATHS = NO;
				ASSETCATALOG_COMPILER_GENERATE_SWIFT_ASSET_SYMBOL_EXTENSIONS = YES;
				CLANG_ANALYZER_NONNULL = YES;
				CLANG_ANALYZER_NUMBER_OBJECT_CONVERSION = YES_AGGRESSIVE;
				CLANG_CXX_LANGUAGE_STANDARD = "gnu++20";
				CLANG_ENABLE_MODULES = YES;
				CLANG_ENABLE_OBJC_ARC = YES;
				CLANG_ENABLE_OBJC_WEAK = YES;
				CLANG_WARN_BLOCK_CAPTURE_AUTORELEASING = YES;
				CLANG_WARN_BOOL_CONVERSION = YES;
				CLANG_WARN_COMMA = YES;
				CLANG_WARN_CONSTANT_CONVERSION = YES;
				CLANG_WARN_DEPRECATED_OBJC_IMPLEMENTATIONS = YES;
				CLANG_WARN_DIRECT_OBJC_ISA_USAGE = YES_ERROR;
				CLANG_WARN_DOCUMENTATION_COMMENTS = YES;
				CLANG_WARN_EMPTY_BODY = YES;
				CLANG_WARN_ENUM_CONVERSION = YES;
				CLANG_WARN_INFINITE_RECURSION = YES;
				CLANG_WARN_INT_CONVERSION = YES;
				CLANG_WARN_NON_LITERAL_NULL_CONVERSION = YES;
				CLANG_WARN_OBJC_IMPLICIT_RETAIN_SELF = YES;
				CLANG_WARN_OBJC_LITERAL_CONVERSION = YES;
				CLANG_WARN_OBJC_ROOT_CLASS = YES_ERROR;
				CLANG_WARN_QUOTED_INCLUDE_IN_FRAMEWORK_HEADER = YES;
				CLANG_WARN_RANGE_LOOP_ANALYSIS = YES;
				CLANG_WARN_STRICT_PROTOTYPES = YES;
				CLANG_WARN_SUSPICIOUS_MOVE = YES;
				CLANG_WARN_UNGUARDED_AVAILABILITY = YES_AGGRESSIVE;
				CLANG_WARN_UNREACHABLE_CODE = YES;
				CLANG_WARN__DUPLICATE_METHOD_MATCH = YES;
				COPY_PHASE_STRIP = NO;
				DEBUG_INFORMATION_FORMAT = "dwarf-with-dsym";
				ENABLE_NS_ASSERTIONS = NO;
				ENABLE_STRICT_OBJC_MSGSEND = YES;
				ENABLE_USER_SCRIPT_SANDBOXING = YES;
				GCC_C_LANGUAGE_STANDARD = gnu17;
				GCC_NO_COMMON_BLOCKS = YES;
				GCC_WARN_64_TO_32_BIT_CONVERSION = YES;
				GCC_WARN_ABOUT_RETURN_TYPE = YES_ERROR;
				GCC_WARN_UNDECLARED_SELECTOR = YES;
				GCC_WARN_UNINITIALIZED_AUTOS = YES_AGGRESSIVE;
				GCC_WARN_UNUSED_FUNCTION = YES;
				GCC_WARN_UNUSED_VARIABLE = YES;
				IPHONEOS_DEPLOYMENT_TARGET = 17.2;
				LOCALIZATION_PREFERS_STRING_CATALOGS = YES;
				MTL_ENABLE_DEBUG_INFO = NO;
				MTL_FAST_MATH = YES;
				SDKROOT = iphoneos;
				SWIFT_COMPILATION_MODE = wholemodule;
				VALIDATE_PRODUCT = YES;
			};
			name = Release;
		};
		F5CF31322B55A3DB00BA58EF /* Debug */ = {
			isa = XCBuildConfiguration;
			buildSettings = {
				ALWAYS_EMBED_SWIFT_STANDARD_LIBRARIES = YES;
				ASSETCATALOG_COMPILER_APPICON_NAME = AppIcon;
				ASSETCATALOG_COMPILER_GLOBAL_ACCENT_COLOR_NAME = AccentColor;
				CODE_SIGN_STYLE = Automatic;
				CURRENT_PROJECT_VERSION = 1;
				DEVELOPMENT_ASSET_PATHS = "\"beartracks-manage/Preview Content\"";
				DEVELOPMENT_TEAM = D6MFYYVHA8;
				ENABLE_PREVIEWS = YES;
				GENERATE_INFOPLIST_FILE = YES;
				INFOPLIST_FILE = "beartracks-manage/Info.plist";
				INFOPLIST_KEY_CFBundleDisplayName = Manage;
				INFOPLIST_KEY_LSApplicationCategoryType = "public.app-category.productivity";
				INFOPLIST_KEY_NSSupportsLiveActivities = YES;
				INFOPLIST_KEY_UIApplicationSceneManifest_Generation = YES;
				INFOPLIST_KEY_UIApplicationSupportsIndirectInputEvents = YES;
				INFOPLIST_KEY_UILaunchScreen_Generation = YES;
				INFOPLIST_KEY_UIRequiresFullScreen = YES;
				INFOPLIST_KEY_UISupportedInterfaceOrientations = UIInterfaceOrientationPortrait;
				INFOPLIST_KEY_UISupportedInterfaceOrientations_iPad = "UIInterfaceOrientationPortrait UIInterfaceOrientationPortraitUpsideDown";
				IPHONEOS_DEPLOYMENT_TARGET = 17.0;
				LD_RUNPATH_SEARCH_PATHS = (
					"$(inherited)",
					"@executable_path/Frameworks",
				);
				MARKETING_VERSION = 5.0.5;
				PRODUCT_BUNDLE_IDENTIFIER = "com.jayagra.beartracks-manage";
				PRODUCT_NAME = "$(TARGET_NAME)";
				SWIFT_EMIT_LOC_STRINGS = YES;
				SWIFT_VERSION = 5.0;
				TARGETED_DEVICE_FAMILY = "1,2";
			};
			name = Debug;
		};
		F5CF31332B55A3DB00BA58EF /* Release */ = {
			isa = XCBuildConfiguration;
			buildSettings = {
				ALWAYS_EMBED_SWIFT_STANDARD_LIBRARIES = YES;
				ASSETCATALOG_COMPILER_APPICON_NAME = AppIcon;
				ASSETCATALOG_COMPILER_GLOBAL_ACCENT_COLOR_NAME = AccentColor;
				CODE_SIGN_STYLE = Automatic;
				CURRENT_PROJECT_VERSION = 1;
				DEVELOPMENT_ASSET_PATHS = "\"beartracks-manage/Preview Content\"";
				DEVELOPMENT_TEAM = D6MFYYVHA8;
				ENABLE_PREVIEWS = YES;
				GENERATE_INFOPLIST_FILE = YES;
				INFOPLIST_FILE = "beartracks-manage/Info.plist";
				INFOPLIST_KEY_CFBundleDisplayName = Manage;
				INFOPLIST_KEY_LSApplicationCategoryType = "public.app-category.productivity";
				INFOPLIST_KEY_NSSupportsLiveActivities = YES;
				INFOPLIST_KEY_UIApplicationSceneManifest_Generation = YES;
				INFOPLIST_KEY_UIApplicationSupportsIndirectInputEvents = YES;
				INFOPLIST_KEY_UILaunchScreen_Generation = YES;
				INFOPLIST_KEY_UIRequiresFullScreen = YES;
				INFOPLIST_KEY_UISupportedInterfaceOrientations = UIInterfaceOrientationPortrait;
				INFOPLIST_KEY_UISupportedInterfaceOrientations_iPad = "UIInterfaceOrientationPortrait UIInterfaceOrientationPortraitUpsideDown";
				IPHONEOS_DEPLOYMENT_TARGET = 17.0;
				LD_RUNPATH_SEARCH_PATHS = (
					"$(inherited)",
					"@executable_path/Frameworks",
				);
				MARKETING_VERSION = 5.0.5;
				PRODUCT_BUNDLE_IDENTIFIER = "com.jayagra.beartracks-manage";
				PRODUCT_NAME = "$(TARGET_NAME)";
				SWIFT_EMIT_LOC_STRINGS = YES;
				SWIFT_VERSION = 5.0;
				TARGETED_DEVICE_FAMILY = "1,2";
			};
			name = Release;
		};
/* End XCBuildConfiguration section */

/* Begin XCConfigurationList section */
		F56550452B8EB67300369927 /* Build configuration list for PBXNativeTarget "SystemStatusExtension" */ = {
			isa = XCConfigurationList;
			buildConfigurations = (
				F56550462B8EB67300369927 /* Debug */,
				F56550472B8EB67300369927 /* Release */,
			);
			defaultConfigurationIsVisible = 0;
			defaultConfigurationName = Release;
		};
		F5CF311E2B55A3DA00BA58EF /* Build configuration list for PBXProject "beartracks-manage" */ = {
			isa = XCConfigurationList;
			buildConfigurations = (
				F5CF312F2B55A3DB00BA58EF /* Debug */,
				F5CF31302B55A3DB00BA58EF /* Release */,
			);
			defaultConfigurationIsVisible = 0;
			defaultConfigurationName = Release;
		};
		F5CF31312B55A3DB00BA58EF /* Build configuration list for PBXNativeTarget "beartracks-manage" */ = {
			isa = XCConfigurationList;
			buildConfigurations = (
				F5CF31322B55A3DB00BA58EF /* Debug */,
				F5CF31332B55A3DB00BA58EF /* Release */,
			);
			defaultConfigurationIsVisible = 0;
			defaultConfigurationName = Release;
		};
/* End XCConfigurationList section */
	};
	rootObject = F5CF311B2B55A3DA00BA58EF /* Project object */;
}
