// !$*UTF8*$!
{
	archiveVersion = 1;
	classes = {
	};
	objectVersion = 56;
	objects = {

/* Begin PBXBuildFile section */
		F50F3B712B4E10BE0009E6B7 /* MatchList.swift in Sources */ = {isa = PBXBuildFile; fileRef = F50F3B702B4E10BE0009E6B7 /* MatchList.swift */; };
		F50F3B732B4E11250009E6B7 /* TabBar.swift in Sources */ = {isa = PBXBuildFile; fileRef = F50F3B722B4E11250009E6B7 /* TabBar.swift */; };
		F50F3B752B4E125F0009E6B7 /* DataView.swift in Sources */ = {isa = PBXBuildFile; fileRef = F50F3B742B4E125F0009E6B7 /* DataView.swift */; };
		F50F3B792B4E12B30009E6B7 /* SettingsView.swift in Sources */ = {isa = PBXBuildFile; fileRef = F50F3B782B4E12B30009E6B7 /* SettingsView.swift */; };
		F50F3B7B2B4E1E530009E6B7 /* Teams.swift in Sources */ = {isa = PBXBuildFile; fileRef = F50F3B7A2B4E1E530009E6B7 /* Teams.swift */; };
		F5333E992B4E10060009CA99 /* beartracksApp.swift in Sources */ = {isa = PBXBuildFile; fileRef = F5333E982B4E10060009CA99 /* beartracksApp.swift */; };
		F5333E9D2B4E10070009CA99 /* Assets.xcassets in Resources */ = {isa = PBXBuildFile; fileRef = F5333E9C2B4E10070009CA99 /* Assets.xcassets */; };
		F5333EA02B4E10070009CA99 /* Preview Assets.xcassets in Resources */ = {isa = PBXBuildFile; fileRef = F5333E9F2B4E10070009CA99 /* Preview Assets.xcassets */; };
		F5740FC82B4E31CA00A55D9F /* SettingsManager.swift in Sources */ = {isa = PBXBuildFile; fileRef = F5740FC72B4E31CA00A55D9F /* SettingsManager.swift */; };
		F599A22E2B4E4294002170CA /* DetailedView.swift in Sources */ = {isa = PBXBuildFile; fileRef = F599A22D2B4E4294002170CA /* DetailedView.swift */; };
/* End PBXBuildFile section */

/* Begin PBXFileReference section */
		F50F3B702B4E10BE0009E6B7 /* MatchList.swift */ = {isa = PBXFileReference; lastKnownFileType = sourcecode.swift; path = MatchList.swift; sourceTree = "<group>"; };
		F50F3B722B4E11250009E6B7 /* TabBar.swift */ = {isa = PBXFileReference; lastKnownFileType = sourcecode.swift; path = TabBar.swift; sourceTree = "<group>"; };
		F50F3B742B4E125F0009E6B7 /* DataView.swift */ = {isa = PBXFileReference; lastKnownFileType = sourcecode.swift; path = DataView.swift; sourceTree = "<group>"; };
		F50F3B782B4E12B30009E6B7 /* SettingsView.swift */ = {isa = PBXFileReference; lastKnownFileType = sourcecode.swift; path = SettingsView.swift; sourceTree = "<group>"; };
		F50F3B7A2B4E1E530009E6B7 /* Teams.swift */ = {isa = PBXFileReference; lastKnownFileType = sourcecode.swift; path = Teams.swift; sourceTree = "<group>"; };
		F5333E952B4E10060009CA99 /* beartracks.app */ = {isa = PBXFileReference; explicitFileType = wrapper.application; includeInIndex = 0; path = beartracks.app; sourceTree = BUILT_PRODUCTS_DIR; };
		F5333E982B4E10060009CA99 /* beartracksApp.swift */ = {isa = PBXFileReference; lastKnownFileType = sourcecode.swift; path = beartracksApp.swift; sourceTree = "<group>"; };
		F5333E9C2B4E10070009CA99 /* Assets.xcassets */ = {isa = PBXFileReference; lastKnownFileType = folder.assetcatalog; path = Assets.xcassets; sourceTree = "<group>"; };
		F5333E9F2B4E10070009CA99 /* Preview Assets.xcassets */ = {isa = PBXFileReference; lastKnownFileType = folder.assetcatalog; path = "Preview Assets.xcassets"; sourceTree = "<group>"; };
		F5740FC72B4E31CA00A55D9F /* SettingsManager.swift */ = {isa = PBXFileReference; lastKnownFileType = sourcecode.swift; path = SettingsManager.swift; sourceTree = "<group>"; };
		F599A22D2B4E4294002170CA /* DetailedView.swift */ = {isa = PBXFileReference; lastKnownFileType = sourcecode.swift; path = DetailedView.swift; sourceTree = "<group>"; };
/* End PBXFileReference section */

/* Begin PBXFrameworksBuildPhase section */
		F5333E922B4E10060009CA99 /* Frameworks */ = {
			isa = PBXFrameworksBuildPhase;
			buildActionMask = 2147483647;
			files = (
			);
			runOnlyForDeploymentPostprocessing = 0;
		};
/* End PBXFrameworksBuildPhase section */

/* Begin PBXGroup section */
		F5333E8C2B4E10060009CA99 = {
			isa = PBXGroup;
			children = (
				F5333E972B4E10060009CA99 /* beartracks */,
				F5333E962B4E10060009CA99 /* Products */,
			);
			sourceTree = "<group>";
		};
		F5333E962B4E10060009CA99 /* Products */ = {
			isa = PBXGroup;
			children = (
				F5333E952B4E10060009CA99 /* beartracks.app */,
			);
			name = Products;
			sourceTree = "<group>";
		};
		F5333E972B4E10060009CA99 /* beartracks */ = {
			isa = PBXGroup;
			children = (
				F5333E982B4E10060009CA99 /* beartracksApp.swift */,
				F5333E9C2B4E10070009CA99 /* Assets.xcassets */,
				F5333E9E2B4E10070009CA99 /* Preview Content */,
				F50F3B702B4E10BE0009E6B7 /* MatchList.swift */,
				F50F3B722B4E11250009E6B7 /* TabBar.swift */,
				F50F3B742B4E125F0009E6B7 /* DataView.swift */,
				F50F3B782B4E12B30009E6B7 /* SettingsView.swift */,
				F50F3B7A2B4E1E530009E6B7 /* Teams.swift */,
				F5740FC72B4E31CA00A55D9F /* SettingsManager.swift */,
				F599A22D2B4E4294002170CA /* DetailedView.swift */,
			);
			path = beartracks;
			sourceTree = "<group>";
		};
		F5333E9E2B4E10070009CA99 /* Preview Content */ = {
			isa = PBXGroup;
			children = (
				F5333E9F2B4E10070009CA99 /* Preview Assets.xcassets */,
			);
			path = "Preview Content";
			sourceTree = "<group>";
		};
/* End PBXGroup section */

/* Begin PBXNativeTarget section */
		F5333E942B4E10060009CA99 /* beartracks */ = {
			isa = PBXNativeTarget;
			buildConfigurationList = F5333EA32B4E10070009CA99 /* Build configuration list for PBXNativeTarget "beartracks" */;
			buildPhases = (
				F5333E912B4E10060009CA99 /* Sources */,
				F5333E922B4E10060009CA99 /* Frameworks */,
				F5333E932B4E10060009CA99 /* Resources */,
			);
			buildRules = (
			);
			dependencies = (
			);
			name = beartracks;
			productName = beartracks;
			productReference = F5333E952B4E10060009CA99 /* beartracks.app */;
			productType = "com.apple.product-type.application";
		};
/* End PBXNativeTarget section */

/* Begin PBXProject section */
		F5333E8D2B4E10060009CA99 /* Project object */ = {
			isa = PBXProject;
			attributes = {
				BuildIndependentTargetsInParallel = 1;
				LastSwiftUpdateCheck = 1500;
				LastUpgradeCheck = 1500;
				TargetAttributes = {
					F5333E942B4E10060009CA99 = {
						CreatedOnToolsVersion = 15.0;
					};
				};
			};
			buildConfigurationList = F5333E902B4E10060009CA99 /* Build configuration list for PBXProject "beartracks" */;
			compatibilityVersion = "Xcode 14.0";
			developmentRegion = en;
			hasScannedForEncodings = 0;
			knownRegions = (
				en,
				Base,
			);
			mainGroup = F5333E8C2B4E10060009CA99;
			productRefGroup = F5333E962B4E10060009CA99 /* Products */;
			projectDirPath = "";
			projectRoot = "";
			targets = (
				F5333E942B4E10060009CA99 /* beartracks */,
			);
		};
/* End PBXProject section */

/* Begin PBXResourcesBuildPhase section */
		F5333E932B4E10060009CA99 /* Resources */ = {
			isa = PBXResourcesBuildPhase;
			buildActionMask = 2147483647;
			files = (
				F5333EA02B4E10070009CA99 /* Preview Assets.xcassets in Resources */,
				F5333E9D2B4E10070009CA99 /* Assets.xcassets in Resources */,
			);
			runOnlyForDeploymentPostprocessing = 0;
		};
/* End PBXResourcesBuildPhase section */

/* Begin PBXSourcesBuildPhase section */
		F5333E912B4E10060009CA99 /* Sources */ = {
			isa = PBXSourcesBuildPhase;
			buildActionMask = 2147483647;
			files = (
				F50F3B712B4E10BE0009E6B7 /* MatchList.swift in Sources */,
				F50F3B752B4E125F0009E6B7 /* DataView.swift in Sources */,
				F50F3B792B4E12B30009E6B7 /* SettingsView.swift in Sources */,
				F5740FC82B4E31CA00A55D9F /* SettingsManager.swift in Sources */,
				F599A22E2B4E4294002170CA /* DetailedView.swift in Sources */,
				F50F3B7B2B4E1E530009E6B7 /* Teams.swift in Sources */,
				F5333E992B4E10060009CA99 /* beartracksApp.swift in Sources */,
				F50F3B732B4E11250009E6B7 /* TabBar.swift in Sources */,
			);
			runOnlyForDeploymentPostprocessing = 0;
		};
/* End PBXSourcesBuildPhase section */

/* Begin XCBuildConfiguration section */
		F5333EA12B4E10070009CA99 /* Debug */ = {
			isa = XCBuildConfiguration;
			buildSettings = {
				ALWAYS_SEARCH_USER_PATHS = NO;
				ASSETCATALOG_COMPILER_GENERATE_SWIFT_ASSET_SYMBOL_EXTENSIONS = YES;
				CLANG_ANALYZER_NONNULL = YES;
				CLANG_ANALYZER_NUMBER_OBJECT_CONVERSION = YES_AGGRESSIVE;
				CLANG_CXX_LANGUAGE_STANDARD = "gnu++20";
				CLANG_ENABLE_MODULES = YES;
				CLANG_ENABLE_OBJC_ARC = YES;
				CLANG_ENABLE_OBJC_WEAK = YES;
				CLANG_WARN_BLOCK_CAPTURE_AUTORELEASING = YES;
				CLANG_WARN_BOOL_CONVERSION = YES;
				CLANG_WARN_COMMA = YES;
				CLANG_WARN_CONSTANT_CONVERSION = YES;
				CLANG_WARN_DEPRECATED_OBJC_IMPLEMENTATIONS = YES;
				CLANG_WARN_DIRECT_OBJC_ISA_USAGE = YES_ERROR;
				CLANG_WARN_DOCUMENTATION_COMMENTS = YES;
				CLANG_WARN_EMPTY_BODY = YES;
				CLANG_WARN_ENUM_CONVERSION = YES;
				CLANG_WARN_INFINITE_RECURSION = YES;
				CLANG_WARN_INT_CONVERSION = YES;
				CLANG_WARN_NON_LITERAL_NULL_CONVERSION = YES;
				CLANG_WARN_OBJC_IMPLICIT_RETAIN_SELF = YES;
				CLANG_WARN_OBJC_LITERAL_CONVERSION = YES;
				CLANG_WARN_OBJC_ROOT_CLASS = YES_ERROR;
				CLANG_WARN_QUOTED_INCLUDE_IN_FRAMEWORK_HEADER = YES;
				CLANG_WARN_RANGE_LOOP_ANALYSIS = YES;
				CLANG_WARN_STRICT_PROTOTYPES = YES;
				CLANG_WARN_SUSPICIOUS_MOVE = YES;
				CLANG_WARN_UNGUARDED_AVAILABILITY = YES_AGGRESSIVE;
				CLANG_WARN_UNREACHABLE_CODE = YES;
				CLANG_WARN__DUPLICATE_METHOD_MATCH = YES;
				COPY_PHASE_STRIP = NO;
				DEBUG_INFORMATION_FORMAT = dwarf;
				ENABLE_STRICT_OBJC_MSGSEND = YES;
				ENABLE_TESTABILITY = YES;
				ENABLE_USER_SCRIPT_SANDBOXING = YES;
				GCC_C_LANGUAGE_STANDARD = gnu17;
				GCC_DYNAMIC_NO_PIC = NO;
				GCC_NO_COMMON_BLOCKS = YES;
				GCC_OPTIMIZATION_LEVEL = 0;
				GCC_PREPROCESSOR_DEFINITIONS = (
					"DEBUG=1",
					"$(inherited)",
				);
				GCC_WARN_64_TO_32_BIT_CONVERSION = YES;
				GCC_WARN_ABOUT_RETURN_TYPE = YES_ERROR;
				GCC_WARN_UNDECLARED_SELECTOR = YES;
				GCC_WARN_UNINITIALIZED_AUTOS = YES_AGGRESSIVE;
				GCC_WARN_UNUSED_FUNCTION = YES;
				GCC_WARN_UNUSED_VARIABLE = YES;
				IPHONEOS_DEPLOYMENT_TARGET = 17.0;
				LOCALIZATION_PREFERS_STRING_CATALOGS = YES;
				MTL_ENABLE_DEBUG_INFO = INCLUDE_SOURCE;
				MTL_FAST_MATH = YES;
				ONLY_ACTIVE_ARCH = YES;
				SDKROOT = iphoneos;
				SWIFT_ACTIVE_COMPILATION_CONDITIONS = "DEBUG $(inherited)";
				SWIFT_OPTIMIZATION_LEVEL = "-Onone";
			};
			name = Debug;
		};
		F5333EA22B4E10070009CA99 /* Release */ = {
			isa = XCBuildConfiguration;
			buildSettings = {
				ALWAYS_SEARCH_USER_PATHS = NO;
				ASSETCATALOG_COMPILER_GENERATE_SWIFT_ASSET_SYMBOL_EXTENSIONS = YES;
				CLANG_ANALYZER_NONNULL = YES;
				CLANG_ANALYZER_NUMBER_OBJECT_CONVERSION = YES_AGGRESSIVE;
				CLANG_CXX_LANGUAGE_STANDARD = "gnu++20";
				CLANG_ENABLE_MODULES = YES;
				CLANG_ENABLE_OBJC_ARC = YES;
				CLANG_ENABLE_OBJC_WEAK = YES;
				CLANG_WARN_BLOCK_CAPTURE_AUTORELEASING = YES;
				CLANG_WARN_BOOL_CONVERSION = YES;
				CLANG_WARN_COMMA = YES;
				CLANG_WARN_CONSTANT_CONVERSION = YES;
				CLANG_WARN_DEPRECATED_OBJC_IMPLEMENTATIONS = YES;
				CLANG_WARN_DIRECT_OBJC_ISA_USAGE = YES_ERROR;
				CLANG_WARN_DOCUMENTATION_COMMENTS = YES;
				CLANG_WARN_EMPTY_BODY = YES;
				CLANG_WARN_ENUM_CONVERSION = YES;
				CLANG_WARN_INFINITE_RECURSION = YES;
				CLANG_WARN_INT_CONVERSION = YES;
				CLANG_WARN_NON_LITERAL_NULL_CONVERSION = YES;
				CLANG_WARN_OBJC_IMPLICIT_RETAIN_SELF = YES;
				CLANG_WARN_OBJC_LITERAL_CONVERSION = YES;
				CLANG_WARN_OBJC_ROOT_CLASS = YES_ERROR;
				CLANG_WARN_QUOTED_INCLUDE_IN_FRAMEWORK_HEADER = YES;
				CLANG_WARN_RANGE_LOOP_ANALYSIS = YES;
				CLANG_WARN_STRICT_PROTOTYPES = YES;
				CLANG_WARN_SUSPICIOUS_MOVE = YES;
				CLANG_WARN_UNGUARDED_AVAILABILITY = YES_AGGRESSIVE;
				CLANG_WARN_UNREACHABLE_CODE = YES;
				CLANG_WARN__DUPLICATE_METHOD_MATCH = YES;
				COPY_PHASE_STRIP = NO;
				DEBUG_INFORMATION_FORMAT = "dwarf-with-dsym";
				ENABLE_NS_ASSERTIONS = NO;
				ENABLE_STRICT_OBJC_MSGSEND = YES;
				ENABLE_USER_SCRIPT_SANDBOXING = YES;
				GCC_C_LANGUAGE_STANDARD = gnu17;
				GCC_NO_COMMON_BLOCKS = YES;
				GCC_WARN_64_TO_32_BIT_CONVERSION = YES;
				GCC_WARN_ABOUT_RETURN_TYPE = YES_ERROR;
				GCC_WARN_UNDECLARED_SELECTOR = YES;
				GCC_WARN_UNINITIALIZED_AUTOS = YES_AGGRESSIVE;
				GCC_WARN_UNUSED_FUNCTION = YES;
				GCC_WARN_UNUSED_VARIABLE = YES;
				IPHONEOS_DEPLOYMENT_TARGET = 17.0;
				LOCALIZATION_PREFERS_STRING_CATALOGS = YES;
				MTL_ENABLE_DEBUG_INFO = NO;
				MTL_FAST_MATH = YES;
				SDKROOT = iphoneos;
				SWIFT_COMPILATION_MODE = wholemodule;
				VALIDATE_PRODUCT = YES;
			};
			name = Release;
		};
		F5333EA42B4E10070009CA99 /* Debug */ = {
			isa = XCBuildConfiguration;
			buildSettings = {
				ASSETCATALOG_COMPILER_APPICON_NAME = AppIcon;
				ASSETCATALOG_COMPILER_GLOBAL_ACCENT_COLOR_NAME = AccentColor;
				CODE_SIGN_STYLE = Automatic;
				CURRENT_PROJECT_VERSION = 1;
				DEVELOPMENT_ASSET_PATHS = "\"beartracks/Preview Content\"";
				DEVELOPMENT_TEAM = TB85C5CD8U;
				ENABLE_PREVIEWS = YES;
				GENERATE_INFOPLIST_FILE = YES;
				INFOPLIST_KEY_CFBundleDisplayName = bearTracks;
				INFOPLIST_KEY_UIApplicationSceneManifest_Generation = YES;
				INFOPLIST_KEY_UIApplicationSupportsIndirectInputEvents = YES;
				INFOPLIST_KEY_UILaunchScreen_Generation = YES;
				INFOPLIST_KEY_UIStatusBarStyle = "";
				INFOPLIST_KEY_UISupportedInterfaceOrientations = "UIInterfaceOrientationLandscapeLeft UIInterfaceOrientationLandscapeRight UIInterfaceOrientationPortrait";
				INFOPLIST_KEY_UISupportedInterfaceOrientations_iPad = "UIInterfaceOrientationLandscapeLeft UIInterfaceOrientationLandscapeRight UIInterfaceOrientationPortrait UIInterfaceOrientationPortraitUpsideDown";
				IPHONEOS_DEPLOYMENT_TARGET = 17.0;
				LD_RUNPATH_SEARCH_PATHS = (
					"$(inherited)",
					"@executable_path/Frameworks",
				);
				MARKETING_VERSION = 5.0.0;
				PRODUCT_BUNDLE_IDENTIFIER = com.jayagra.beartracks;
				PRODUCT_NAME = "$(TARGET_NAME)";
				SWIFT_EMIT_LOC_STRINGS = YES;
				SWIFT_VERSION = 5.0;
				TARGETED_DEVICE_FAMILY = "1,2";
			};
			name = Debug;
		};
		F5333EA52B4E10070009CA99 /* Release */ = {
			isa = XCBuildConfiguration;
			buildSettings = {
				ASSETCATALOG_COMPILER_APPICON_NAME = AppIcon;
				ASSETCATALOG_COMPILER_GLOBAL_ACCENT_COLOR_NAME = AccentColor;
				CODE_SIGN_STYLE = Automatic;
				CURRENT_PROJECT_VERSION = 1;
				DEVELOPMENT_ASSET_PATHS = "\"beartracks/Preview Content\"";
				DEVELOPMENT_TEAM = TB85C5CD8U;
				ENABLE_PREVIEWS = YES;
				GENERATE_INFOPLIST_FILE = YES;
				INFOPLIST_KEY_CFBundleDisplayName = bearTracks;
				INFOPLIST_KEY_UIApplicationSceneManifest_Generation = YES;
				INFOPLIST_KEY_UIApplicationSupportsIndirectInputEvents = YES;
				INFOPLIST_KEY_UILaunchScreen_Generation = YES;
				INFOPLIST_KEY_UIStatusBarStyle = "";
				INFOPLIST_KEY_UISupportedInterfaceOrientations = "UIInterfaceOrientationLandscapeLeft UIInterfaceOrientationLandscapeRight UIInterfaceOrientationPortrait";
				INFOPLIST_KEY_UISupportedInterfaceOrientations_iPad = "UIInterfaceOrientationLandscapeLeft UIInterfaceOrientationLandscapeRight UIInterfaceOrientationPortrait UIInterfaceOrientationPortraitUpsideDown";
				IPHONEOS_DEPLOYMENT_TARGET = 17.0;
				LD_RUNPATH_SEARCH_PATHS = (
					"$(inherited)",
					"@executable_path/Frameworks",
				);
				MARKETING_VERSION = 5.0.0;
				PRODUCT_BUNDLE_IDENTIFIER = com.jayagra.beartracks;
				PRODUCT_NAME = "$(TARGET_NAME)";
				SWIFT_EMIT_LOC_STRINGS = YES;
				SWIFT_VERSION = 5.0;
				TARGETED_DEVICE_FAMILY = "1,2";
			};
			name = Release;
		};
/* End XCBuildConfiguration section */

/* Begin XCConfigurationList section */
		F5333E902B4E10060009CA99 /* Build configuration list for PBXProject "beartracks" */ = {
			isa = XCConfigurationList;
			buildConfigurations = (
				F5333EA12B4E10070009CA99 /* Debug */,
				F5333EA22B4E10070009CA99 /* Release */,
			);
			defaultConfigurationIsVisible = 0;
			defaultConfigurationName = Release;
		};
		F5333EA32B4E10070009CA99 /* Build configuration list for PBXNativeTarget "beartracks" */ = {
			isa = XCConfigurationList;
			buildConfigurations = (
				F5333EA42B4E10070009CA99 /* Debug */,
				F5333EA52B4E10070009CA99 /* Release */,
			);
			defaultConfigurationIsVisible = 0;
			defaultConfigurationName = Release;
		};
/* End XCConfigurationList section */
	};
	rootObject = F5333E8D2B4E10060009CA99 /* Project object */;
}
